// !$*UTF8*$!
{
	archiveVersion = 1;
	classes = {
	};
	objectVersion = 56;
	objects = {

/* Begin PBXBuildFile section */
		8E56F69B29B3F5F80059A24B /* ListQuestion46App.swift in Sources */ = {isa = PBXBuildFile; fileRef = 8E56F69A29B3F5F80059A24B /* ListQuestion46App.swift */; };
		8E56F69D29B3F5F80059A24B /* ContentView.swift in Sources */ = {isa = PBXBuildFile; fileRef = 8E56F69C29B3F5F80059A24B /* ContentView.swift */; };
		8E56F69F29B3F5F90059A24B /* Assets.xcassets in Resources */ = {isa = PBXBuildFile; fileRef = 8E56F69E29B3F5F90059A24B /* Assets.xcassets */; };
		8E56F6A329B3F5F90059A24B /* Preview Assets.xcassets in Resources */ = {isa = PBXBuildFile; fileRef = 8E56F6A229B3F5F90059A24B /* Preview Assets.xcassets */; };
		8E56F6AD29B3F5F90059A24B /* ListQuestion46Tests.swift in Sources */ = {isa = PBXBuildFile; fileRef = 8E56F6AC29B3F5F90059A24B /* ListQuestion46Tests.swift */; };
		8E56F6B729B3F5F90059A24B /* ListQuestion46UITests.swift in Sources */ = {isa = PBXBuildFile; fileRef = 8E56F6B629B3F5F90059A24B /* ListQuestion46UITests.swift */; };
		8E56F6B929B3F5F90059A24B /* ListQuestion46UITestsLaunchTests.swift in Sources */ = {isa = PBXBuildFile; fileRef = 8E56F6B829B3F5F90059A24B /* ListQuestion46UITestsLaunchTests.swift */; };
/* End PBXBuildFile section */

/* Begin PBXContainerItemProxy section */
		8E56F6A929B3F5F90059A24B /* PBXContainerItemProxy */ = {
			isa = PBXContainerItemProxy;
			containerPortal = 8E56F68F29B3F5F70059A24B /* Project object */;
			proxyType = 1;
			remoteGlobalIDString = 8E56F69629B3F5F80059A24B;
			remoteInfo = ListQuestion46;
		};
		8E56F6B329B3F5F90059A24B /* PBXContainerItemProxy */ = {
			isa = PBXContainerItemProxy;
			containerPortal = 8E56F68F29B3F5F70059A24B /* Project object */;
			proxyType = 1;
			remoteGlobalIDString = 8E56F69629B3F5F80059A24B;
			remoteInfo = ListQuestion46;
		};
/* End PBXContainerItemProxy section */

/* Begin PBXFileReference section */
		8E56F69729B3F5F80059A24B /* ListQuestion46.app */ = {isa = PBXFileReference; explicitFileType = wrapper.application; includeInIndex = 0; path = ListQuestion46.app; sourceTree = BUILT_PRODUCTS_DIR; };
		8E56F69A29B3F5F80059A24B /* ListQuestion46App.swift */ = {isa = PBXFileReference; lastKnownFileType = sourcecode.swift; path = ListQuestion46App.swift; sourceTree = "<group>"; };
		8E56F69C29B3F5F80059A24B /* ContentView.swift */ = {isa = PBXFileReference; lastKnownFileType = sourcecode.swift; path = ContentView.swift; sourceTree = "<group>"; };
		8E56F69E29B3F5F90059A24B /* Assets.xcassets */ = {isa = PBXFileReference; lastKnownFileType = folder.assetcatalog; path = Assets.xcassets; sourceTree = "<group>"; };
		8E56F6A029B3F5F90059A24B /* ListQuestion46.entitlements */ = {isa = PBXFileReference; lastKnownFileType = text.plist.entitlements; path = ListQuestion46.entitlements; sourceTree = "<group>"; };
		8E56F6A229B3F5F90059A24B /* Preview Assets.xcassets */ = {isa = PBXFileReference; lastKnownFileType = folder.assetcatalog; path = "Preview Assets.xcassets"; sourceTree = "<group>"; };
		8E56F6A829B3F5F90059A24B /* ListQuestion46Tests.xctest */ = {isa = PBXFileReference; explicitFileType = wrapper.cfbundle; includeInIndex = 0; path = ListQuestion46Tests.xctest; sourceTree = BUILT_PRODUCTS_DIR; };
		8E56F6AC29B3F5F90059A24B /* ListQuestion46Tests.swift */ = {isa = PBXFileReference; lastKnownFileType = sourcecode.swift; path = ListQuestion46Tests.swift; sourceTree = "<group>"; };
		8E56F6B229B3F5F90059A24B /* ListQuestion46UITests.xctest */ = {isa = PBXFileReference; explicitFileType = wrapper.cfbundle; includeInIndex = 0; path = ListQuestion46UITests.xctest; sourceTree = BUILT_PRODUCTS_DIR; };
		8E56F6B629B3F5F90059A24B /* ListQuestion46UITests.swift */ = {isa = PBXFileReference; lastKnownFileType = sourcecode.swift; path = ListQuestion46UITests.swift; sourceTree = "<group>"; };
		8E56F6B829B3F5F90059A24B /* ListQuestion46UITestsLaunchTests.swift */ = {isa = PBXFileReference; lastKnownFileType = sourcecode.swift; path = ListQuestion46UITestsLaunchTests.swift; sourceTree = "<group>"; };
/* End PBXFileReference section */

/* Begin PBXFrameworksBuildPhase section */
		8E56F69429B3F5F80059A24B /* Frameworks */ = {
			isa = PBXFrameworksBuildPhase;
			buildActionMask = 2147483647;
			files = (
			);
			runOnlyForDeploymentPostprocessing = 0;
		};
		8E56F6A529B3F5F90059A24B /* Frameworks */ = {
			isa = PBXFrameworksBuildPhase;
			buildActionMask = 2147483647;
			files = (
			);
			runOnlyForDeploymentPostprocessing = 0;
		};
		8E56F6AF29B3F5F90059A24B /* Frameworks */ = {
			isa = PBXFrameworksBuildPhase;
			buildActionMask = 2147483647;
			files = (
			);
			runOnlyForDeploymentPostprocessing = 0;
		};
/* End PBXFrameworksBuildPhase section */

/* Begin PBXGroup section */
		8E56F68E29B3F5F70059A24B = {
			isa = PBXGroup;
			children = (
				8E56F69929B3F5F80059A24B /* ListQuestion46 */,
				8E56F6AB29B3F5F90059A24B /* ListQuestion46Tests */,
				8E56F6B529B3F5F90059A24B /* ListQuestion46UITests */,
				8E56F69829B3F5F80059A24B /* Products */,
			);
			sourceTree = "<group>";
		};
		8E56F69829B3F5F80059A24B /* Products */ = {
			isa = PBXGroup;
			children = (
				8E56F69729B3F5F80059A24B /* ListQuestion46.app */,
				8E56F6A829B3F5F90059A24B /* ListQuestion46Tests.xctest */,
				8E56F6B229B3F5F90059A24B /* ListQuestion46UITests.xctest */,
			);
			name = Products;
			sourceTree = "<group>";
		};
		8E56F69929B3F5F80059A24B /* ListQuestion46 */ = {
			isa = PBXGroup;
			children = (
				8E56F69A29B3F5F80059A24B /* ListQuestion46App.swift */,
				8E56F69C29B3F5F80059A24B /* ContentView.swift */,
				8E56F69E29B3F5F90059A24B /* Assets.xcassets */,
				8E56F6A029B3F5F90059A24B /* ListQuestion46.entitlements */,
				8E56F6A129B3F5F90059A24B /* Preview Content */,
			);
			path = ListQuestion46;
			sourceTree = "<group>";
		};
		8E56F6A129B3F5F90059A24B /* Preview Content */ = {
			isa = PBXGroup;
			children = (
				8E56F6A229B3F5F90059A24B /* Preview Assets.xcassets */,
			);
			path = "Preview Content";
			sourceTree = "<group>";
		};
		8E56F6AB29B3F5F90059A24B /* ListQuestion46Tests */ = {
			isa = PBXGroup;
			children = (
				8E56F6AC29B3F5F90059A24B /* ListQuestion46Tests.swift */,
			);
			path = ListQuestion46Tests;
			sourceTree = "<group>";
		};
		8E56F6B529B3F5F90059A24B /* ListQuestion46UITests */ = {
			isa = PBXGroup;
			children = (
				8E56F6B629B3F5F90059A24B /* ListQuestion46UITests.swift */,
				8E56F6B829B3F5F90059A24B /* ListQuestion46UITestsLaunchTests.swift */,
			);
			path = ListQuestion46UITests;
			sourceTree = "<group>";
		};
/* End PBXGroup section */

/* Begin PBXNativeTarget section */
		8E56F69629B3F5F80059A24B /* ListQuestion46 */ = {
			isa = PBXNativeTarget;
			buildConfigurationList = 8E56F6BC29B3F5F90059A24B /* Build configuration list for PBXNativeTarget "ListQuestion46" */;
			buildPhases = (
				8E56F69329B3F5F80059A24B /* Sources */,
				8E56F69429B3F5F80059A24B /* Frameworks */,
				8E56F69529B3F5F80059A24B /* Resources */,
			);
			buildRules = (
			);
			dependencies = (
			);
			name = ListQuestion46;
			productName = ListQuestion46;
			productReference = 8E56F69729B3F5F80059A24B /* ListQuestion46.app */;
			productType = "com.apple.product-type.application";
		};
		8E56F6A729B3F5F90059A24B /* ListQuestion46Tests */ = {
			isa = PBXNativeTarget;
			buildConfigurationList = 8E56F6BF29B3F5F90059A24B /* Build configuration list for PBXNativeTarget "ListQuestion46Tests" */;
			buildPhases = (
				8E56F6A429B3F5F90059A24B /* Sources */,
				8E56F6A529B3F5F90059A24B /* Frameworks */,
				8E56F6A629B3F5F90059A24B /* Resources */,
			);
			buildRules = (
			);
			dependencies = (
				8E56F6AA29B3F5F90059A24B /* PBXTargetDependency */,
			);
			name = ListQuestion46Tests;
			productName = ListQuestion46Tests;
			productReference = 8E56F6A829B3F5F90059A24B /* ListQuestion46Tests.xctest */;
			productType = "com.apple.product-type.bundle.unit-test";
		};
		8E56F6B129B3F5F90059A24B /* ListQuestion46UITests */ = {
			isa = PBXNativeTarget;
			buildConfigurationList = 8E56F6C229B3F5F90059A24B /* Build configuration list for PBXNativeTarget "ListQuestion46UITests" */;
			buildPhases = (
				8E56F6AE29B3F5F90059A24B /* Sources */,
				8E56F6AF29B3F5F90059A24B /* Frameworks */,
				8E56F6B029B3F5F90059A24B /* Resources */,
			);
			buildRules = (
			);
			dependencies = (
				8E56F6B429B3F5F90059A24B /* PBXTargetDependency */,
			);
			name = ListQuestion46UITests;
			productName = ListQuestion46UITests;
			productReference = 8E56F6B229B3F5F90059A24B /* ListQuestion46UITests.xctest */;
			productType = "com.apple.product-type.bundle.ui-testing";
		};
/* End PBXNativeTarget section */

/* Begin PBXProject section */
		8E56F68F29B3F5F70059A24B /* Project object */ = {
			isa = PBXProject;
			attributes = {
				BuildIndependentTargetsInParallel = 1;
				LastSwiftUpdateCheck = 1420;
				LastUpgradeCheck = 1420;
				TargetAttributes = {
					8E56F69629B3F5F80059A24B = {
						CreatedOnToolsVersion = 14.2;
					};
					8E56F6A729B3F5F90059A24B = {
						CreatedOnToolsVersion = 14.2;
						TestTargetID = 8E56F69629B3F5F80059A24B;
					};
					8E56F6B129B3F5F90059A24B = {
						CreatedOnToolsVersion = 14.2;
						TestTargetID = 8E56F69629B3F5F80059A24B;
					};
				};
			};
			buildConfigurationList = 8E56F69229B3F5F70059A24B /* Build configuration list for PBXProject "ListQuestion46" */;
			compatibilityVersion = "Xcode 14.0";
			developmentRegion = en;
			hasScannedForEncodings = 0;
			knownRegions = (
				en,
				Base,
			);
			mainGroup = 8E56F68E29B3F5F70059A24B;
			productRefGroup = 8E56F69829B3F5F80059A24B /* Products */;
			projectDirPath = "";
			projectRoot = "";
			targets = (
				8E56F69629B3F5F80059A24B /* ListQuestion46 */,
				8E56F6A729B3F5F90059A24B /* ListQuestion46Tests */,
				8E56F6B129B3F5F90059A24B /* ListQuestion46UITests */,
			);
		};
/* End PBXProject section */

/* Begin PBXResourcesBuildPhase section */
		8E56F69529B3F5F80059A24B /* Resources */ = {
			isa = PBXResourcesBuildPhase;
			buildActionMask = 2147483647;
			files = (
				8E56F6A329B3F5F90059A24B /* Preview Assets.xcassets in Resources */,
				8E56F69F29B3F5F90059A24B /* Assets.xcassets in Resources */,
			);
			runOnlyForDeploymentPostprocessing = 0;
		};
		8E56F6A629B3F5F90059A24B /* Resources */ = {
			isa = PBXResourcesBuildPhase;
			buildActionMask = 2147483647;
			files = (
			);
			runOnlyForDeploymentPostprocessing = 0;
		};
		8E56F6B029B3F5F90059A24B /* Resources */ = {
			isa = PBXResourcesBuildPhase;
			buildActionMask = 2147483647;
			files = (
			);
			runOnlyForDeploymentPostprocessing = 0;
		};
/* End PBXResourcesBuildPhase section */

/* Begin PBXSourcesBuildPhase section */
		8E56F69329B3F5F80059A24B /* Sources */ = {
			isa = PBXSourcesBuildPhase;
			buildActionMask = 2147483647;
			files = (
				8E56F69D29B3F5F80059A24B /* ContentView.swift in Sources */,
				8E56F69B29B3F5F80059A24B /* ListQuestion46App.swift in Sources */,
			);
			runOnlyForDeploymentPostprocessing = 0;
		};
		8E56F6A429B3F5F90059A24B /* Sources */ = {
			isa = PBXSourcesBuildPhase;
			buildActionMask = 2147483647;
			files = (
				8E56F6AD29B3F5F90059A24B /* ListQuestion46Tests.swift in Sources */,
			);
			runOnlyForDeploymentPostprocessing = 0;
		};
		8E56F6AE29B3F5F90059A24B /* Sources */ = {
			isa = PBXSourcesBuildPhase;
			buildActionMask = 2147483647;
			files = (
				8E56F6B929B3F5F90059A24B /* ListQuestion46UITestsLaunchTests.swift in Sources */,
				8E56F6B729B3F5F90059A24B /* ListQuestion46UITests.swift in Sources */,
			);
			runOnlyForDeploymentPostprocessing = 0;
		};
/* End PBXSourcesBuildPhase section */

/* Begin PBXTargetDependency section */
		8E56F6AA29B3F5F90059A24B /* PBXTargetDependency */ = {
			isa = PBXTargetDependency;
			target = 8E56F69629B3F5F80059A24B /* ListQuestion46 */;
			targetProxy = 8E56F6A929B3F5F90059A24B /* PBXContainerItemProxy */;
		};
		8E56F6B429B3F5F90059A24B /* PBXTargetDependency */ = {
			isa = PBXTargetDependency;
			target = 8E56F69629B3F5F80059A24B /* ListQuestion46 */;
			targetProxy = 8E56F6B329B3F5F90059A24B /* PBXContainerItemProxy */;
		};
/* End PBXTargetDependency section */

/* Begin XCBuildConfiguration section */
		8E56F6BA29B3F5F90059A24B /* Debug */ = {
			isa = XCBuildConfiguration;
			buildSettings = {
				ALWAYS_SEARCH_USER_PATHS = NO;
				CLANG_ANALYZER_NONNULL = YES;
				CLANG_ANALYZER_NUMBER_OBJECT_CONVERSION = YES_AGGRESSIVE;
				CLANG_CXX_LANGUAGE_STANDARD = "gnu++20";
				CLANG_ENABLE_MODULES = YES;
				CLANG_ENABLE_OBJC_ARC = YES;
				CLANG_ENABLE_OBJC_WEAK = YES;
				CLANG_WARN_BLOCK_CAPTURE_AUTORELEASING = YES;
				CLANG_WARN_BOOL_CONVERSION = YES;
				CLANG_WARN_COMMA = YES;
				CLANG_WARN_CONSTANT_CONVERSION = YES;
				CLANG_WARN_DEPRECATED_OBJC_IMPLEMENTATIONS = YES;
				CLANG_WARN_DIRECT_OBJC_ISA_USAGE = YES_ERROR;
				CLANG_WARN_DOCUMENTATION_COMMENTS = YES;
				CLANG_WARN_EMPTY_BODY = YES;
				CLANG_WARN_ENUM_CONVERSION = YES;
				CLANG_WARN_INFINITE_RECURSION = YES;
				CLANG_WARN_INT_CONVERSION = YES;
				CLANG_WARN_NON_LITERAL_NULL_CONVERSION = YES;
				CLANG_WARN_OBJC_IMPLICIT_RETAIN_SELF = YES;
				CLANG_WARN_OBJC_LITERAL_CONVERSION = YES;
				CLANG_WARN_OBJC_ROOT_CLASS = YES_ERROR;
				CLANG_WARN_QUOTED_INCLUDE_IN_FRAMEWORK_HEADER = YES;
				CLANG_WARN_RANGE_LOOP_ANALYSIS = YES;
				CLANG_WARN_STRICT_PROTOTYPES = YES;
				CLANG_WARN_SUSPICIOUS_MOVE = YES;
				CLANG_WARN_UNGUARDED_AVAILABILITY = YES_AGGRESSIVE;
				CLANG_WARN_UNREACHABLE_CODE = YES;
				CLANG_WARN__DUPLICATE_METHOD_MATCH = YES;
				COPY_PHASE_STRIP = NO;
				DEBUG_INFORMATION_FORMAT = dwarf;
				ENABLE_STRICT_OBJC_MSGSEND = YES;
				ENABLE_TESTABILITY = YES;
				GCC_C_LANGUAGE_STANDARD = gnu11;
				GCC_DYNAMIC_NO_PIC = NO;
				GCC_NO_COMMON_BLOCKS = YES;
				GCC_OPTIMIZATION_LEVEL = 0;
				GCC_PREPROCESSOR_DEFINITIONS = (
					"DEBUG=1",
					"$(inherited)",
				);
				GCC_WARN_64_TO_32_BIT_CONVERSION = YES;
				GCC_WARN_ABOUT_RETURN_TYPE = YES_ERROR;
				GCC_WARN_UNDECLARED_SELECTOR = YES;
				GCC_WARN_UNINITIALIZED_AUTOS = YES_AGGRESSIVE;
				GCC_WARN_UNUSED_FUNCTION = YES;
				GCC_WARN_UNUSED_VARIABLE = YES;
				MTL_ENABLE_DEBUG_INFO = INCLUDE_SOURCE;
				MTL_FAST_MATH = YES;
				ONLY_ACTIVE_ARCH = YES;
				SWIFT_ACTIVE_COMPILATION_CONDITIONS = DEBUG;
				SWIFT_OPTIMIZATION_LEVEL = "-Onone";
			};
			name = Debug;
		};
		8E56F6BB29B3F5F90059A24B /* Release */ = {
			isa = XCBuildConfiguration;
			buildSettings = {
				ALWAYS_SEARCH_USER_PATHS = NO;
				CLANG_ANALYZER_NONNULL = YES;
				CLANG_ANALYZER_NUMBER_OBJECT_CONVERSION = YES_AGGRESSIVE;
				CLANG_CXX_LANGUAGE_STANDARD = "gnu++20";
				CLANG_ENABLE_MODULES = YES;
				CLANG_ENABLE_OBJC_ARC = YES;
				CLANG_ENABLE_OBJC_WEAK = YES;
				CLANG_WARN_BLOCK_CAPTURE_AUTORELEASING = YES;
				CLANG_WARN_BOOL_CONVERSION = YES;
				CLANG_WARN_COMMA = YES;
				CLANG_WARN_CONSTANT_CONVERSION = YES;
				CLANG_WARN_DEPRECATED_OBJC_IMPLEMENTATIONS = YES;
				CLANG_WARN_DIRECT_OBJC_ISA_USAGE = YES_ERROR;
				CLANG_WARN_DOCUMENTATION_COMMENTS = YES;
				CLANG_WARN_EMPTY_BODY = YES;
				CLANG_WARN_ENUM_CONVERSION = YES;
				CLANG_WARN_INFINITE_RECURSION = YES;
				CLANG_WARN_INT_CONVERSION = YES;
				CLANG_WARN_NON_LITERAL_NULL_CONVERSION = YES;
				CLANG_WARN_OBJC_IMPLICIT_RETAIN_SELF = YES;
				CLANG_WARN_OBJC_LITERAL_CONVERSION = YES;
				CLANG_WARN_OBJC_ROOT_CLASS = YES_ERROR;
				CLANG_WARN_QUOTED_INCLUDE_IN_FRAMEWORK_HEADER = YES;
				CLANG_WARN_RANGE_LOOP_ANALYSIS = YES;
				CLANG_WARN_STRICT_PROTOTYPES = YES;
				CLANG_WARN_SUSPICIOUS_MOVE = YES;
				CLANG_WARN_UNGUARDED_AVAILABILITY = YES_AGGRESSIVE;
				CLANG_WARN_UNREACHABLE_CODE = YES;
				CLANG_WARN__DUPLICATE_METHOD_MATCH = YES;
				COPY_PHASE_STRIP = NO;
				DEBUG_INFORMATION_FORMAT = "dwarf-with-dsym";
				ENABLE_NS_ASSERTIONS = NO;
				ENABLE_STRICT_OBJC_MSGSEND = YES;
				GCC_C_LANGUAGE_STANDARD = gnu11;
				GCC_NO_COMMON_BLOCKS = YES;
				GCC_WARN_64_TO_32_BIT_CONVERSION = YES;
				GCC_WARN_ABOUT_RETURN_TYPE = YES_ERROR;
				GCC_WARN_UNDECLARED_SELECTOR = YES;
				GCC_WARN_UNINITIALIZED_AUTOS = YES_AGGRESSIVE;
				GCC_WARN_UNUSED_FUNCTION = YES;
				GCC_WARN_UNUSED_VARIABLE = YES;
				MTL_ENABLE_DEBUG_INFO = NO;
				MTL_FAST_MATH = YES;
				SWIFT_COMPILATION_MODE = wholemodule;
				SWIFT_OPTIMIZATION_LEVEL = "-O";
			};
			name = Release;
		};
		8E56F6BD29B3F5F90059A24B /* Debug */ = {
			isa = XCBuildConfiguration;
			buildSettings = {
				ASSETCATALOG_COMPILER_APPICON_NAME = AppIcon;
				ASSETCATALOG_COMPILER_GLOBAL_ACCENT_COLOR_NAME = AccentColor;
				CODE_SIGN_ENTITLEMENTS = ListQuestion46/ListQuestion46.entitlements;
				CODE_SIGN_STYLE = Automatic;
				CURRENT_PROJECT_VERSION = 1;
				DEVELOPMENT_ASSET_PATHS = "\"ListQuestion46/Preview Content\"";
				ENABLE_PREVIEWS = YES;
				GENERATE_INFOPLIST_FILE = YES;
				"INFOPLIST_KEY_UIApplicationSceneManifest_Generation[sdk=iphoneos*]" = YES;
				"INFOPLIST_KEY_UIApplicationSceneManifest_Generation[sdk=iphonesimulator*]" = YES;
				"INFOPLIST_KEY_UIApplicationSupportsIndirectInputEvents[sdk=iphoneos*]" = YES;
				"INFOPLIST_KEY_UIApplicationSupportsIndirectInputEvents[sdk=iphonesimulator*]" = YES;
				"INFOPLIST_KEY_UILaunchScreen_Generation[sdk=iphoneos*]" = YES;
				"INFOPLIST_KEY_UILaunchScreen_Generation[sdk=iphonesimulator*]" = YES;
				"INFOPLIST_KEY_UIStatusBarStyle[sdk=iphoneos*]" = UIStatusBarStyleDefault;
				"INFOPLIST_KEY_UIStatusBarStyle[sdk=iphonesimulator*]" = UIStatusBarStyleDefault;
				INFOPLIST_KEY_UISupportedInterfaceOrientations_iPad = "UIInterfaceOrientationPortrait UIInterfaceOrientationPortraitUpsideDown UIInterfaceOrientationLandscapeLeft UIInterfaceOrientationLandscapeRight";
				INFOPLIST_KEY_UISupportedInterfaceOrientations_iPhone = "UIInterfaceOrientationPortrait UIInterfaceOrientationLandscapeLeft UIInterfaceOrientationLandscapeRight";
				IPHONEOS_DEPLOYMENT_TARGET = 16.2;
				LD_RUNPATH_SEARCH_PATHS = "@executable_path/Frameworks";
				"LD_RUNPATH_SEARCH_PATHS[sdk=macosx*]" = "@executable_path/../Frameworks";
				MACOSX_DEPLOYMENT_TARGET = 13.0;
				MARKETING_VERSION = 1.0;
				PRODUCT_BUNDLE_IDENTIFIER = "ca.camosun.ics21-064.ListQuestion46";
				PRODUCT_NAME = "$(TARGET_NAME)";
				SDKROOT = auto;
				SUPPORTED_PLATFORMS = "iphoneos iphonesimulator macosx";
				SWIFT_EMIT_LOC_STRINGS = YES;
				SWIFT_VERSION = 5.0;
				TARGETED_DEVICE_FAMILY = "1,2";
			};
			name = Debug;
		};
		8E56F6BE29B3F5F90059A24B /* Release */ = {
			isa = XCBuildConfiguration;
			buildSettings = {
				ASSETCATALOG_COMPILER_APPICON_NAME = AppIcon;
				ASSETCATALOG_COMPILER_GLOBAL_ACCENT_COLOR_NAME = AccentColor;
				CODE_SIGN_ENTITLEMENTS = ListQuestion46/ListQuestion46.entitlements;
				CODE_SIGN_STYLE = Automatic;
				CURRENT_PROJECT_VERSION = 1;
				DEVELOPMENT_ASSET_PATHS = "\"ListQuestion46/Preview Content\"";
				ENABLE_PREVIEWS = YES;
				GENERATE_INFOPLIST_FILE = YES;
				"INFOPLIST_KEY_UIApplicationSceneManifest_Generation[sdk=iphoneos*]" = YES;
				"INFOPLIST_KEY_UIApplicationSceneManifest_Generation[sdk=iphonesimulator*]" = YES;
				"INFOPLIST_KEY_UIApplicationSupportsIndirectInputEvents[sdk=iphoneos*]" = YES;
				"INFOPLIST_KEY_UIApplicationSupportsIndirectInputEvents[sdk=iphonesimulator*]" = YES;
				"INFOPLIST_KEY_UILaunchScreen_Generation[sdk=iphoneos*]" = YES;
				"INFOPLIST_KEY_UILaunchScreen_Generation[sdk=iphonesimulator*]" = YES;
				"INFOPLIST_KEY_UIStatusBarStyle[sdk=iphoneos*]" = UIStatusBarStyleDefault;
				"INFOPLIST_KEY_UIStatusBarStyle[sdk=iphonesimulator*]" = UIStatusBarStyleDefault;
				INFOPLIST_KEY_UISupportedInterfaceOrientations_iPad = "UIInterfaceOrientationPortrait UIInterfaceOrientationPortraitUpsideDown UIInterfaceOrientationLandscapeLeft UIInterfaceOrientationLandscapeRight";
				INFOPLIST_KEY_UISupportedInterfaceOrientations_iPhone = "UIInterfaceOrientationPortrait UIInterfaceOrientationLandscapeLeft UIInterfaceOrientationLandscapeRight";
				IPHONEOS_DEPLOYMENT_TARGET = 16.2;
				LD_RUNPATH_SEARCH_PATHS = "@executable_path/Frameworks";
				"LD_RUNPATH_SEARCH_PATHS[sdk=macosx*]" = "@executable_path/../Frameworks";
				MACOSX_DEPLOYMENT_TARGET = 13.0;
				MARKETING_VERSION = 1.0;
				PRODUCT_BUNDLE_IDENTIFIER = "ca.camosun.ics21-064.ListQuestion46";
				PRODUCT_NAME = "$(TARGET_NAME)";
				SDKROOT = auto;
				SUPPORTED_PLATFORMS = "iphoneos iphonesimulator macosx";
				SWIFT_EMIT_LOC_STRINGS = YES;
				SWIFT_VERSION = 5.0;
				TARGETED_DEVICE_FAMILY = "1,2";
			};
			name = Release;
		};
		8E56F6C029B3F5F90059A24B /* Debug */ = {
			isa = XCBuildConfiguration;
			buildSettings = {
				ALWAYS_EMBED_SWIFT_STANDARD_LIBRARIES = YES;
				BUNDLE_LOADER = "$(TEST_HOST)";
				CODE_SIGN_STYLE = Automatic;
				CURRENT_PROJECT_VERSION = 1;
				GENERATE_INFOPLIST_FILE = YES;
				IPHONEOS_DEPLOYMENT_TARGET = 16.2;
				MACOSX_DEPLOYMENT_TARGET = 13.0;
				MARKETING_VERSION = 1.0;
				PRODUCT_BUNDLE_IDENTIFIER = "ca.camosun.ics21-064.ListQuestion46Tests";
				PRODUCT_NAME = "$(TARGET_NAME)";
				SDKROOT = auto;
				SUPPORTED_PLATFORMS = "iphoneos iphonesimulator macosx";
				SWIFT_EMIT_LOC_STRINGS = NO;
				SWIFT_VERSION = 5.0;
				TARGETED_DEVICE_FAMILY = "1,2";
				TEST_HOST = "$(BUILT_PRODUCTS_DIR)/ListQuestion46.app/$(BUNDLE_EXECUTABLE_FOLDER_PATH)/ListQuestion46";
			};
			name = Debug;
		};
		8E56F6C129B3F5F90059A24B /* Release */ = {
			isa = XCBuildConfiguration;
			buildSettings = {
				ALWAYS_EMBED_SWIFT_STANDARD_LIBRARIES = YES;
				BUNDLE_LOADER = "$(TEST_HOST)";
				CODE_SIGN_STYLE = Automatic;
				CURRENT_PROJECT_VERSION = 1;
				GENERATE_INFOPLIST_FILE = YES;
				IPHONEOS_DEPLOYMENT_TARGET = 16.2;
				MACOSX_DEPLOYMENT_TARGET = 13.0;
				MARKETING_VERSION = 1.0;
				PRODUCT_BUNDLE_IDENTIFIER = "ca.camosun.ics21-064.ListQuestion46Tests";
				PRODUCT_NAME = "$(TARGET_NAME)";
				SDKROOT = auto;
				SUPPORTED_PLATFORMS = "iphoneos iphonesimulator macosx";
				SWIFT_EMIT_LOC_STRINGS = NO;
				SWIFT_VERSION = 5.0;
				TARGETED_DEVICE_FAMILY = "1,2";
				TEST_HOST = "$(BUILT_PRODUCTS_DIR)/ListQuestion46.app/$(BUNDLE_EXECUTABLE_FOLDER_PATH)/ListQuestion46";
			};
			name = Release;
		};
		8E56F6C329B3F5F90059A24B /* Debug */ = {
			isa = XCBuildConfiguration;
			buildSettings = {
				ALWAYS_EMBED_SWIFT_STANDARD_LIBRARIES = YES;
				CODE_SIGN_STYLE = Automatic;
				CURRENT_PROJECT_VERSION = 1;
				GENERATE_INFOPLIST_FILE = YES;
				IPHONEOS_DEPLOYMENT_TARGET = 16.2;
				MACOSX_DEPLOYMENT_TARGET = 13.0;
				MARKETING_VERSION = 1.0;
				PRODUCT_BUNDLE_IDENTIFIER = "ca.camosun.ics21-064.ListQuestion46UITests";
				PRODUCT_NAME = "$(TARGET_NAME)";
				SDKROOT = auto;
				SUPPORTED_PLATFORMS = "iphoneos iphonesimulator macosx";
				SWIFT_EMIT_LOC_STRINGS = NO;
				SWIFT_VERSION = 5.0;
				TARGETED_DEVICE_FAMILY = "1,2";
				TEST_TARGET_NAME = ListQuestion46;
			};
			name = Debug;
		};
		8E56F6C429B3F5F90059A24B /* Release */ = {
			isa = XCBuildConfiguration;
			buildSettings = {
				ALWAYS_EMBED_SWIFT_STANDARD_LIBRARIES = YES;
				CODE_SIGN_STYLE = Automatic;
				CURRENT_PROJECT_VERSION = 1;
				GENERATE_INFOPLIST_FILE = YES;
				IPHONEOS_DEPLOYMENT_TARGET = 16.2;
				MACOSX_DEPLOYMENT_TARGET = 13.0;
				MARKETING_VERSION = 1.0;
				PRODUCT_BUNDLE_IDENTIFIER = "ca.camosun.ics21-064.ListQuestion46UITests";
				PRODUCT_NAME = "$(TARGET_NAME)";
				SDKROOT = auto;
				SUPPORTED_PLATFORMS = "iphoneos iphonesimulator macosx";
				SWIFT_EMIT_LOC_STRINGS = NO;
				SWIFT_VERSION = 5.0;
				TARGETED_DEVICE_FAMILY = "1,2";
				TEST_TARGET_NAME = ListQuestion46;
			};
			name = Release;
		};
/* End XCBuildConfiguration section */

/* Begin XCConfigurationList section */
		8E56F69229B3F5F70059A24B /* Build configuration list for PBXProject "ListQuestion46" */ = {
			isa = XCConfigurationList;
			buildConfigurations = (
				8E56F6BA29B3F5F90059A24B /* Debug */,
				8E56F6BB29B3F5F90059A24B /* Release */,
			);
			defaultConfigurationIsVisible = 0;
			defaultConfigurationName = Release;
		};
		8E56F6BC29B3F5F90059A24B /* Build configuration list for PBXNativeTarget "ListQuestion46" */ = {
			isa = XCConfigurationList;
			buildConfigurations = (
				8E56F6BD29B3F5F90059A24B /* Debug */,
				8E56F6BE29B3F5F90059A24B /* Release */,
			);
			defaultConfigurationIsVisible = 0;
			defaultConfigurationName = Release;
		};
		8E56F6BF29B3F5F90059A24B /* Build configuration list for PBXNativeTarget "ListQuestion46Tests" */ = {
			isa = XCConfigurationList;
			buildConfigurations = (
				8E56F6C029B3F5F90059A24B /* Debug */,
				8E56F6C129B3F5F90059A24B /* Release */,
			);
			defaultConfigurationIsVisible = 0;
			defaultConfigurationName = Release;
		};
		8E56F6C229B3F5F90059A24B /* Build configuration list for PBXNativeTarget "ListQuestion46UITests" */ = {
			isa = XCConfigurationList;
			buildConfigurations = (
				8E56F6C329B3F5F90059A24B /* Debug */,
				8E56F6C429B3F5F90059A24B /* Release */,
			);
			defaultConfigurationIsVisible = 0;
			defaultConfigurationName = Release;
		};
/* End XCConfigurationList section */
	};
	rootObject = 8E56F68F29B3F5F70059A24B /* Project object */;
}
