// !$*UTF8*$!
{
	archiveVersion = 1;
	classes = {
	};
	objectVersion = 56;
	objects = {

/* Begin PBXBuildFile section */
		8E7988FD29B6CC1800AA4DCC /* ListQuestion45App.swift in Sources */ = {isa = PBXBuildFile; fileRef = 8E7988FC29B6CC1800AA4DCC /* ListQuestion45App.swift */; };
		8E7988FF29B6CC1800AA4DCC /* ContentView.swift in Sources */ = {isa = PBXBuildFile; fileRef = 8E7988FE29B6CC1800AA4DCC /* ContentView.swift */; };
		8E79890129B6CC1900AA4DCC /* Assets.xcassets in Resources */ = {isa = PBXBuildFile; fileRef = 8E79890029B6CC1900AA4DCC /* Assets.xcassets */; };
		8E79890529B6CC1900AA4DCC /* Preview Assets.xcassets in Resources */ = {isa = PBXBuildFile; fileRef = 8E79890429B6CC1900AA4DCC /* Preview Assets.xcassets */; };
		8E79890F29B6CC1900AA4DCC /* ListQuestion45Tests.swift in Sources */ = {isa = PBXBuildFile; fileRef = 8E79890E29B6CC1900AA4DCC /* ListQuestion45Tests.swift */; };
		8E79891929B6CC1900AA4DCC /* ListQuestion45UITests.swift in Sources */ = {isa = PBXBuildFile; fileRef = 8E79891829B6CC1900AA4DCC /* ListQuestion45UITests.swift */; };
		8E79891B29B6CC1900AA4DCC /* ListQuestion45UITestsLaunchTests.swift in Sources */ = {isa = PBXBuildFile; fileRef = 8E79891A29B6CC1900AA4DCC /* ListQuestion45UITestsLaunchTests.swift */; };
/* End PBXBuildFile section */

/* Begin PBXContainerItemProxy section */
		8E79890B29B6CC1900AA4DCC /* PBXContainerItemProxy */ = {
			isa = PBXContainerItemProxy;
			containerPortal = 8E7988F129B6CC1800AA4DCC /* Project object */;
			proxyType = 1;
			remoteGlobalIDString = 8E7988F829B6CC1800AA4DCC;
			remoteInfo = ListQuestion45;
		};
		8E79891529B6CC1900AA4DCC /* PBXContainerItemProxy */ = {
			isa = PBXContainerItemProxy;
			containerPortal = 8E7988F129B6CC1800AA4DCC /* Project object */;
			proxyType = 1;
			remoteGlobalIDString = 8E7988F829B6CC1800AA4DCC;
			remoteInfo = ListQuestion45;
		};
/* End PBXContainerItemProxy section */

/* Begin PBXFileReference section */
		8E7988F929B6CC1800AA4DCC /* ListQuestion45.app */ = {isa = PBXFileReference; explicitFileType = wrapper.application; includeInIndex = 0; path = ListQuestion45.app; sourceTree = BUILT_PRODUCTS_DIR; };
		8E7988FC29B6CC1800AA4DCC /* ListQuestion45App.swift */ = {isa = PBXFileReference; lastKnownFileType = sourcecode.swift; path = ListQuestion45App.swift; sourceTree = "<group>"; };
		8E7988FE29B6CC1800AA4DCC /* ContentView.swift */ = {isa = PBXFileReference; lastKnownFileType = sourcecode.swift; path = ContentView.swift; sourceTree = "<group>"; };
		8E79890029B6CC1900AA4DCC /* Assets.xcassets */ = {isa = PBXFileReference; lastKnownFileType = folder.assetcatalog; path = Assets.xcassets; sourceTree = "<group>"; };
		8E79890229B6CC1900AA4DCC /* ListQuestion45.entitlements */ = {isa = PBXFileReference; lastKnownFileType = text.plist.entitlements; path = ListQuestion45.entitlements; sourceTree = "<group>"; };
		8E79890429B6CC1900AA4DCC /* Preview Assets.xcassets */ = {isa = PBXFileReference; lastKnownFileType = folder.assetcatalog; path = "Preview Assets.xcassets"; sourceTree = "<group>"; };
		8E79890A29B6CC1900AA4DCC /* ListQuestion45Tests.xctest */ = {isa = PBXFileReference; explicitFileType = wrapper.cfbundle; includeInIndex = 0; path = ListQuestion45Tests.xctest; sourceTree = BUILT_PRODUCTS_DIR; };
		8E79890E29B6CC1900AA4DCC /* ListQuestion45Tests.swift */ = {isa = PBXFileReference; lastKnownFileType = sourcecode.swift; path = ListQuestion45Tests.swift; sourceTree = "<group>"; };
		8E79891429B6CC1900AA4DCC /* ListQuestion45UITests.xctest */ = {isa = PBXFileReference; explicitFileType = wrapper.cfbundle; includeInIndex = 0; path = ListQuestion45UITests.xctest; sourceTree = BUILT_PRODUCTS_DIR; };
		8E79891829B6CC1900AA4DCC /* ListQuestion45UITests.swift */ = {isa = PBXFileReference; lastKnownFileType = sourcecode.swift; path = ListQuestion45UITests.swift; sourceTree = "<group>"; };
		8E79891A29B6CC1900AA4DCC /* ListQuestion45UITestsLaunchTests.swift */ = {isa = PBXFileReference; lastKnownFileType = sourcecode.swift; path = ListQuestion45UITestsLaunchTests.swift; sourceTree = "<group>"; };
/* End PBXFileReference section */

/* Begin PBXFrameworksBuildPhase section */
		8E7988F629B6CC1800AA4DCC /* Frameworks */ = {
			isa = PBXFrameworksBuildPhase;
			buildActionMask = 2147483647;
			files = (
			);
			runOnlyForDeploymentPostprocessing = 0;
		};
		8E79890729B6CC1900AA4DCC /* Frameworks */ = {
			isa = PBXFrameworksBuildPhase;
			buildActionMask = 2147483647;
			files = (
			);
			runOnlyForDeploymentPostprocessing = 0;
		};
		8E79891129B6CC1900AA4DCC /* Frameworks */ = {
			isa = PBXFrameworksBuildPhase;
			buildActionMask = 2147483647;
			files = (
			);
			runOnlyForDeploymentPostprocessing = 0;
		};
/* End PBXFrameworksBuildPhase section */

/* Begin PBXGroup section */
		8E7988F029B6CC1800AA4DCC = {
			isa = PBXGroup;
			children = (
				8E7988FB29B6CC1800AA4DCC /* ListQuestion45 */,
				8E79890D29B6CC1900AA4DCC /* ListQuestion45Tests */,
				8E79891729B6CC1900AA4DCC /* ListQuestion45UITests */,
				8E7988FA29B6CC1800AA4DCC /* Products */,
			);
			sourceTree = "<group>";
		};
		8E7988FA29B6CC1800AA4DCC /* Products */ = {
			isa = PBXGroup;
			children = (
				8E7988F929B6CC1800AA4DCC /* ListQuestion45.app */,
				8E79890A29B6CC1900AA4DCC /* ListQuestion45Tests.xctest */,
				8E79891429B6CC1900AA4DCC /* ListQuestion45UITests.xctest */,
			);
			name = Products;
			sourceTree = "<group>";
		};
		8E7988FB29B6CC1800AA4DCC /* ListQuestion45 */ = {
			isa = PBXGroup;
			children = (
				8E7988FC29B6CC1800AA4DCC /* ListQuestion45App.swift */,
				8E7988FE29B6CC1800AA4DCC /* ContentView.swift */,
				8E79890029B6CC1900AA4DCC /* Assets.xcassets */,
				8E79890229B6CC1900AA4DCC /* ListQuestion45.entitlements */,
				8E79890329B6CC1900AA4DCC /* Preview Content */,
			);
			path = ListQuestion45;
			sourceTree = "<group>";
		};
		8E79890329B6CC1900AA4DCC /* Preview Content */ = {
			isa = PBXGroup;
			children = (
				8E79890429B6CC1900AA4DCC /* Preview Assets.xcassets */,
			);
			path = "Preview Content";
			sourceTree = "<group>";
		};
		8E79890D29B6CC1900AA4DCC /* ListQuestion45Tests */ = {
			isa = PBXGroup;
			children = (
				8E79890E29B6CC1900AA4DCC /* ListQuestion45Tests.swift */,
			);
			path = ListQuestion45Tests;
			sourceTree = "<group>";
		};
		8E79891729B6CC1900AA4DCC /* ListQuestion45UITests */ = {
			isa = PBXGroup;
			children = (
				8E79891829B6CC1900AA4DCC /* ListQuestion45UITests.swift */,
				8E79891A29B6CC1900AA4DCC /* ListQuestion45UITestsLaunchTests.swift */,
			);
			path = ListQuestion45UITests;
			sourceTree = "<group>";
		};
/* End PBXGroup section */

/* Begin PBXNativeTarget section */
		8E7988F829B6CC1800AA4DCC /* ListQuestion45 */ = {
			isa = PBXNativeTarget;
			buildConfigurationList = 8E79891E29B6CC1900AA4DCC /* Build configuration list for PBXNativeTarget "ListQuestion45" */;
			buildPhases = (
				8E7988F529B6CC1800AA4DCC /* Sources */,
				8E7988F629B6CC1800AA4DCC /* Frameworks */,
				8E7988F729B6CC1800AA4DCC /* Resources */,
			);
			buildRules = (
			);
			dependencies = (
			);
			name = ListQuestion45;
			productName = ListQuestion45;
			productReference = 8E7988F929B6CC1800AA4DCC /* ListQuestion45.app */;
			productType = "com.apple.product-type.application";
		};
		8E79890929B6CC1900AA4DCC /* ListQuestion45Tests */ = {
			isa = PBXNativeTarget;
			buildConfigurationList = 8E79892129B6CC1900AA4DCC /* Build configuration list for PBXNativeTarget "ListQuestion45Tests" */;
			buildPhases = (
				8E79890629B6CC1900AA4DCC /* Sources */,
				8E79890729B6CC1900AA4DCC /* Frameworks */,
				8E79890829B6CC1900AA4DCC /* Resources */,
			);
			buildRules = (
			);
			dependencies = (
				8E79890C29B6CC1900AA4DCC /* PBXTargetDependency */,
			);
			name = ListQuestion45Tests;
			productName = ListQuestion45Tests;
			productReference = 8E79890A29B6CC1900AA4DCC /* ListQuestion45Tests.xctest */;
			productType = "com.apple.product-type.bundle.unit-test";
		};
		8E79891329B6CC1900AA4DCC /* ListQuestion45UITests */ = {
			isa = PBXNativeTarget;
			buildConfigurationList = 8E79892429B6CC1900AA4DCC /* Build configuration list for PBXNativeTarget "ListQuestion45UITests" */;
			buildPhases = (
				8E79891029B6CC1900AA4DCC /* Sources */,
				8E79891129B6CC1900AA4DCC /* Frameworks */,
				8E79891229B6CC1900AA4DCC /* Resources */,
			);
			buildRules = (
			);
			dependencies = (
				8E79891629B6CC1900AA4DCC /* PBXTargetDependency */,
			);
			name = ListQuestion45UITests;
			productName = ListQuestion45UITests;
			productReference = 8E79891429B6CC1900AA4DCC /* ListQuestion45UITests.xctest */;
			productType = "com.apple.product-type.bundle.ui-testing";
		};
/* End PBXNativeTarget section */

/* Begin PBXProject section */
		8E7988F129B6CC1800AA4DCC /* Project object */ = {
			isa = PBXProject;
			attributes = {
				BuildIndependentTargetsInParallel = 1;
				LastSwiftUpdateCheck = 1420;
				LastUpgradeCheck = 1420;
				TargetAttributes = {
					8E7988F829B6CC1800AA4DCC = {
						CreatedOnToolsVersion = 14.2;
					};
					8E79890929B6CC1900AA4DCC = {
						CreatedOnToolsVersion = 14.2;
						TestTargetID = 8E7988F829B6CC1800AA4DCC;
					};
					8E79891329B6CC1900AA4DCC = {
						CreatedOnToolsVersion = 14.2;
						TestTargetID = 8E7988F829B6CC1800AA4DCC;
					};
				};
			};
			buildConfigurationList = 8E7988F429B6CC1800AA4DCC /* Build configuration list for PBXProject "ListQuestion45" */;
			compatibilityVersion = "Xcode 14.0";
			developmentRegion = en;
			hasScannedForEncodings = 0;
			knownRegions = (
				en,
				Base,
			);
			mainGroup = 8E7988F029B6CC1800AA4DCC;
			productRefGroup = 8E7988FA29B6CC1800AA4DCC /* Products */;
			projectDirPath = "";
			projectRoot = "";
			targets = (
				8E7988F829B6CC1800AA4DCC /* ListQuestion45 */,
				8E79890929B6CC1900AA4DCC /* ListQuestion45Tests */,
				8E79891329B6CC1900AA4DCC /* ListQuestion45UITests */,
			);
		};
/* End PBXProject section */

/* Begin PBXResourcesBuildPhase section */
		8E7988F729B6CC1800AA4DCC /* Resources */ = {
			isa = PBXResourcesBuildPhase;
			buildActionMask = 2147483647;
			files = (
				8E79890529B6CC1900AA4DCC /* Preview Assets.xcassets in Resources */,
				8E79890129B6CC1900AA4DCC /* Assets.xcassets in Resources */,
			);
			runOnlyForDeploymentPostprocessing = 0;
		};
		8E79890829B6CC1900AA4DCC /* Resources */ = {
			isa = PBXResourcesBuildPhase;
			buildActionMask = 2147483647;
			files = (
			);
			runOnlyForDeploymentPostprocessing = 0;
		};
		8E79891229B6CC1900AA4DCC /* Resources */ = {
			isa = PBXResourcesBuildPhase;
			buildActionMask = 2147483647;
			files = (
			);
			runOnlyForDeploymentPostprocessing = 0;
		};
/* End PBXResourcesBuildPhase section */

/* Begin PBXSourcesBuildPhase section */
		8E7988F529B6CC1800AA4DCC /* Sources */ = {
			isa = PBXSourcesBuildPhase;
			buildActionMask = 2147483647;
			files = (
				8E7988FF29B6CC1800AA4DCC /* ContentView.swift in Sources */,
				8E7988FD29B6CC1800AA4DCC /* ListQuestion45App.swift in Sources */,
			);
			runOnlyForDeploymentPostprocessing = 0;
		};
		8E79890629B6CC1900AA4DCC /* Sources */ = {
			isa = PBXSourcesBuildPhase;
			buildActionMask = 2147483647;
			files = (
				8E79890F29B6CC1900AA4DCC /* ListQuestion45Tests.swift in Sources */,
			);
			runOnlyForDeploymentPostprocessing = 0;
		};
		8E79891029B6CC1900AA4DCC /* Sources */ = {
			isa = PBXSourcesBuildPhase;
			buildActionMask = 2147483647;
			files = (
				8E79891929B6CC1900AA4DCC /* ListQuestion45UITests.swift in Sources */,
				8E79891B29B6CC1900AA4DCC /* ListQuestion45UITestsLaunchTests.swift in Sources */,
			);
			runOnlyForDeploymentPostprocessing = 0;
		};
/* End PBXSourcesBuildPhase section */

/* Begin PBXTargetDependency section */
		8E79890C29B6CC1900AA4DCC /* PBXTargetDependency */ = {
			isa = PBXTargetDependency;
			target = 8E7988F829B6CC1800AA4DCC /* ListQuestion45 */;
			targetProxy = 8E79890B29B6CC1900AA4DCC /* PBXContainerItemProxy */;
		};
		8E79891629B6CC1900AA4DCC /* PBXTargetDependency */ = {
			isa = PBXTargetDependency;
			target = 8E7988F829B6CC1800AA4DCC /* ListQuestion45 */;
			targetProxy = 8E79891529B6CC1900AA4DCC /* PBXContainerItemProxy */;
		};
/* End PBXTargetDependency section */

/* Begin XCBuildConfiguration section */
		8E79891C29B6CC1900AA4DCC /* Debug */ = {
			isa = XCBuildConfiguration;
			buildSettings = {
				ALWAYS_SEARCH_USER_PATHS = NO;
				CLANG_ANALYZER_NONNULL = YES;
				CLANG_ANALYZER_NUMBER_OBJECT_CONVERSION = YES_AGGRESSIVE;
				CLANG_CXX_LANGUAGE_STANDARD = "gnu++20";
				CLANG_ENABLE_MODULES = YES;
				CLANG_ENABLE_OBJC_ARC = YES;
				CLANG_ENABLE_OBJC_WEAK = YES;
				CLANG_WARN_BLOCK_CAPTURE_AUTORELEASING = YES;
				CLANG_WARN_BOOL_CONVERSION = YES;
				CLANG_WARN_COMMA = YES;
				CLANG_WARN_CONSTANT_CONVERSION = YES;
				CLANG_WARN_DEPRECATED_OBJC_IMPLEMENTATIONS = YES;
				CLANG_WARN_DIRECT_OBJC_ISA_USAGE = YES_ERROR;
				CLANG_WARN_DOCUMENTATION_COMMENTS = YES;
				CLANG_WARN_EMPTY_BODY = YES;
				CLANG_WARN_ENUM_CONVERSION = YES;
				CLANG_WARN_INFINITE_RECURSION = YES;
				CLANG_WARN_INT_CONVERSION = YES;
				CLANG_WARN_NON_LITERAL_NULL_CONVERSION = YES;
				CLANG_WARN_OBJC_IMPLICIT_RETAIN_SELF = YES;
				CLANG_WARN_OBJC_LITERAL_CONVERSION = YES;
				CLANG_WARN_OBJC_ROOT_CLASS = YES_ERROR;
				CLANG_WARN_QUOTED_INCLUDE_IN_FRAMEWORK_HEADER = YES;
				CLANG_WARN_RANGE_LOOP_ANALYSIS = YES;
				CLANG_WARN_STRICT_PROTOTYPES = YES;
				CLANG_WARN_SUSPICIOUS_MOVE = YES;
				CLANG_WARN_UNGUARDED_AVAILABILITY = YES_AGGRESSIVE;
				CLANG_WARN_UNREACHABLE_CODE = YES;
				CLANG_WARN__DUPLICATE_METHOD_MATCH = YES;
				COPY_PHASE_STRIP = NO;
				DEBUG_INFORMATION_FORMAT = dwarf;
				ENABLE_STRICT_OBJC_MSGSEND = YES;
				ENABLE_TESTABILITY = YES;
				GCC_C_LANGUAGE_STANDARD = gnu11;
				GCC_DYNAMIC_NO_PIC = NO;
				GCC_NO_COMMON_BLOCKS = YES;
				GCC_OPTIMIZATION_LEVEL = 0;
				GCC_PREPROCESSOR_DEFINITIONS = (
					"DEBUG=1",
					"$(inherited)",
				);
				GCC_WARN_64_TO_32_BIT_CONVERSION = YES;
				GCC_WARN_ABOUT_RETURN_TYPE = YES_ERROR;
				GCC_WARN_UNDECLARED_SELECTOR = YES;
				GCC_WARN_UNINITIALIZED_AUTOS = YES_AGGRESSIVE;
				GCC_WARN_UNUSED_FUNCTION = YES;
				GCC_WARN_UNUSED_VARIABLE = YES;
				MTL_ENABLE_DEBUG_INFO = INCLUDE_SOURCE;
				MTL_FAST_MATH = YES;
				ONLY_ACTIVE_ARCH = YES;
				SWIFT_ACTIVE_COMPILATION_CONDITIONS = DEBUG;
				SWIFT_OPTIMIZATION_LEVEL = "-Onone";
			};
			name = Debug;
		};
		8E79891D29B6CC1900AA4DCC /* Release */ = {
			isa = XCBuildConfiguration;
			buildSettings = {
				ALWAYS_SEARCH_USER_PATHS = NO;
				CLANG_ANALYZER_NONNULL = YES;
				CLANG_ANALYZER_NUMBER_OBJECT_CONVERSION = YES_AGGRESSIVE;
				CLANG_CXX_LANGUAGE_STANDARD = "gnu++20";
				CLANG_ENABLE_MODULES = YES;
				CLANG_ENABLE_OBJC_ARC = YES;
				CLANG_ENABLE_OBJC_WEAK = YES;
				CLANG_WARN_BLOCK_CAPTURE_AUTORELEASING = YES;
				CLANG_WARN_BOOL_CONVERSION = YES;
				CLANG_WARN_COMMA = YES;
				CLANG_WARN_CONSTANT_CONVERSION = YES;
				CLANG_WARN_DEPRECATED_OBJC_IMPLEMENTATIONS = YES;
				CLANG_WARN_DIRECT_OBJC_ISA_USAGE = YES_ERROR;
				CLANG_WARN_DOCUMENTATION_COMMENTS = YES;
				CLANG_WARN_EMPTY_BODY = YES;
				CLANG_WARN_ENUM_CONVERSION = YES;
				CLANG_WARN_INFINITE_RECURSION = YES;
				CLANG_WARN_INT_CONVERSION = YES;
				CLANG_WARN_NON_LITERAL_NULL_CONVERSION = YES;
				CLANG_WARN_OBJC_IMPLICIT_RETAIN_SELF = YES;
				CLANG_WARN_OBJC_LITERAL_CONVERSION = YES;
				CLANG_WARN_OBJC_ROOT_CLASS = YES_ERROR;
				CLANG_WARN_QUOTED_INCLUDE_IN_FRAMEWORK_HEADER = YES;
				CLANG_WARN_RANGE_LOOP_ANALYSIS = YES;
				CLANG_WARN_STRICT_PROTOTYPES = YES;
				CLANG_WARN_SUSPICIOUS_MOVE = YES;
				CLANG_WARN_UNGUARDED_AVAILABILITY = YES_AGGRESSIVE;
				CLANG_WARN_UNREACHABLE_CODE = YES;
				CLANG_WARN__DUPLICATE_METHOD_MATCH = YES;
				COPY_PHASE_STRIP = NO;
				DEBUG_INFORMATION_FORMAT = "dwarf-with-dsym";
				ENABLE_NS_ASSERTIONS = NO;
				ENABLE_STRICT_OBJC_MSGSEND = YES;
				GCC_C_LANGUAGE_STANDARD = gnu11;
				GCC_NO_COMMON_BLOCKS = YES;
				GCC_WARN_64_TO_32_BIT_CONVERSION = YES;
				GCC_WARN_ABOUT_RETURN_TYPE = YES_ERROR;
				GCC_WARN_UNDECLARED_SELECTOR = YES;
				GCC_WARN_UNINITIALIZED_AUTOS = YES_AGGRESSIVE;
				GCC_WARN_UNUSED_FUNCTION = YES;
				GCC_WARN_UNUSED_VARIABLE = YES;
				MTL_ENABLE_DEBUG_INFO = NO;
				MTL_FAST_MATH = YES;
				SWIFT_COMPILATION_MODE = wholemodule;
				SWIFT_OPTIMIZATION_LEVEL = "-O";
			};
			name = Release;
		};
		8E79891F29B6CC1900AA4DCC /* Debug */ = {
			isa = XCBuildConfiguration;
			buildSettings = {
				ASSETCATALOG_COMPILER_APPICON_NAME = AppIcon;
				ASSETCATALOG_COMPILER_GLOBAL_ACCENT_COLOR_NAME = AccentColor;
				CODE_SIGN_ENTITLEMENTS = ListQuestion45/ListQuestion45.entitlements;
				CODE_SIGN_STYLE = Automatic;
				CURRENT_PROJECT_VERSION = 1;
				DEVELOPMENT_ASSET_PATHS = "\"ListQuestion45/Preview Content\"";
				ENABLE_PREVIEWS = YES;
				GENERATE_INFOPLIST_FILE = YES;
				"INFOPLIST_KEY_UIApplicationSceneManifest_Generation[sdk=iphoneos*]" = YES;
				"INFOPLIST_KEY_UIApplicationSceneManifest_Generation[sdk=iphonesimulator*]" = YES;
				"INFOPLIST_KEY_UIApplicationSupportsIndirectInputEvents[sdk=iphoneos*]" = YES;
				"INFOPLIST_KEY_UIApplicationSupportsIndirectInputEvents[sdk=iphonesimulator*]" = YES;
				"INFOPLIST_KEY_UILaunchScreen_Generation[sdk=iphoneos*]" = YES;
				"INFOPLIST_KEY_UILaunchScreen_Generation[sdk=iphonesimulator*]" = YES;
				"INFOPLIST_KEY_UIStatusBarStyle[sdk=iphoneos*]" = UIStatusBarStyleDefault;
				"INFOPLIST_KEY_UIStatusBarStyle[sdk=iphonesimulator*]" = UIStatusBarStyleDefault;
				INFOPLIST_KEY_UISupportedInterfaceOrientations_iPad = "UIInterfaceOrientationPortrait UIInterfaceOrientationPortraitUpsideDown UIInterfaceOrientationLandscapeLeft UIInterfaceOrientationLandscapeRight";
				INFOPLIST_KEY_UISupportedInterfaceOrientations_iPhone = "UIInterfaceOrientationPortrait UIInterfaceOrientationLandscapeLeft UIInterfaceOrientationLandscapeRight";
				IPHONEOS_DEPLOYMENT_TARGET = 16.2;
				LD_RUNPATH_SEARCH_PATHS = "@executable_path/Frameworks";
				"LD_RUNPATH_SEARCH_PATHS[sdk=macosx*]" = "@executable_path/../Frameworks";
				MACOSX_DEPLOYMENT_TARGET = 13.0;
				MARKETING_VERSION = 1.0;
				PRODUCT_BUNDLE_IDENTIFIER = "ca.camosun.ics21-064.ListQuestion45";
				PRODUCT_NAME = "$(TARGET_NAME)";
				SDKROOT = auto;
				SUPPORTED_PLATFORMS = "iphoneos iphonesimulator macosx";
				SWIFT_EMIT_LOC_STRINGS = YES;
				SWIFT_VERSION = 5.0;
				TARGETED_DEVICE_FAMILY = "1,2";
			};
			name = Debug;
		};
		8E79892029B6CC1900AA4DCC /* Release */ = {
			isa = XCBuildConfiguration;
			buildSettings = {
				ASSETCATALOG_COMPILER_APPICON_NAME = AppIcon;
				ASSETCATALOG_COMPILER_GLOBAL_ACCENT_COLOR_NAME = AccentColor;
				CODE_SIGN_ENTITLEMENTS = ListQuestion45/ListQuestion45.entitlements;
				CODE_SIGN_STYLE = Automatic;
				CURRENT_PROJECT_VERSION = 1;
				DEVELOPMENT_ASSET_PATHS = "\"ListQuestion45/Preview Content\"";
				ENABLE_PREVIEWS = YES;
				GENERATE_INFOPLIST_FILE = YES;
				"INFOPLIST_KEY_UIApplicationSceneManifest_Generation[sdk=iphoneos*]" = YES;
				"INFOPLIST_KEY_UIApplicationSceneManifest_Generation[sdk=iphonesimulator*]" = YES;
				"INFOPLIST_KEY_UIApplicationSupportsIndirectInputEvents[sdk=iphoneos*]" = YES;
				"INFOPLIST_KEY_UIApplicationSupportsIndirectInputEvents[sdk=iphonesimulator*]" = YES;
				"INFOPLIST_KEY_UILaunchScreen_Generation[sdk=iphoneos*]" = YES;
				"INFOPLIST_KEY_UILaunchScreen_Generation[sdk=iphonesimulator*]" = YES;
				"INFOPLIST_KEY_UIStatusBarStyle[sdk=iphoneos*]" = UIStatusBarStyleDefault;
				"INFOPLIST_KEY_UIStatusBarStyle[sdk=iphonesimulator*]" = UIStatusBarStyleDefault;
				INFOPLIST_KEY_UISupportedInterfaceOrientations_iPad = "UIInterfaceOrientationPortrait UIInterfaceOrientationPortraitUpsideDown UIInterfaceOrientationLandscapeLeft UIInterfaceOrientationLandscapeRight";
				INFOPLIST_KEY_UISupportedInterfaceOrientations_iPhone = "UIInterfaceOrientationPortrait UIInterfaceOrientationLandscapeLeft UIInterfaceOrientationLandscapeRight";
				IPHONEOS_DEPLOYMENT_TARGET = 16.2;
				LD_RUNPATH_SEARCH_PATHS = "@executable_path/Frameworks";
				"LD_RUNPATH_SEARCH_PATHS[sdk=macosx*]" = "@executable_path/../Frameworks";
				MACOSX_DEPLOYMENT_TARGET = 13.0;
				MARKETING_VERSION = 1.0;
				PRODUCT_BUNDLE_IDENTIFIER = "ca.camosun.ics21-064.ListQuestion45";
				PRODUCT_NAME = "$(TARGET_NAME)";
				SDKROOT = auto;
				SUPPORTED_PLATFORMS = "iphoneos iphonesimulator macosx";
				SWIFT_EMIT_LOC_STRINGS = YES;
				SWIFT_VERSION = 5.0;
				TARGETED_DEVICE_FAMILY = "1,2";
			};
			name = Release;
		};
		8E79892229B6CC1900AA4DCC /* Debug */ = {
			isa = XCBuildConfiguration;
			buildSettings = {
				ALWAYS_EMBED_SWIFT_STANDARD_LIBRARIES = YES;
				BUNDLE_LOADER = "$(TEST_HOST)";
				CODE_SIGN_STYLE = Automatic;
				CURRENT_PROJECT_VERSION = 1;
				GENERATE_INFOPLIST_FILE = YES;
				IPHONEOS_DEPLOYMENT_TARGET = 16.2;
				MACOSX_DEPLOYMENT_TARGET = 13.0;
				MARKETING_VERSION = 1.0;
				PRODUCT_BUNDLE_IDENTIFIER = "ca.camosun.ics21-064.ListQuestion45Tests";
				PRODUCT_NAME = "$(TARGET_NAME)";
				SDKROOT = auto;
				SUPPORTED_PLATFORMS = "iphoneos iphonesimulator macosx";
				SWIFT_EMIT_LOC_STRINGS = NO;
				SWIFT_VERSION = 5.0;
				TARGETED_DEVICE_FAMILY = "1,2";
				TEST_HOST = "$(BUILT_PRODUCTS_DIR)/ListQuestion45.app/$(BUNDLE_EXECUTABLE_FOLDER_PATH)/ListQuestion45";
			};
			name = Debug;
		};
		8E79892329B6CC1900AA4DCC /* Release */ = {
			isa = XCBuildConfiguration;
			buildSettings = {
				ALWAYS_EMBED_SWIFT_STANDARD_LIBRARIES = YES;
				BUNDLE_LOADER = "$(TEST_HOST)";
				CODE_SIGN_STYLE = Automatic;
				CURRENT_PROJECT_VERSION = 1;
				GENERATE_INFOPLIST_FILE = YES;
				IPHONEOS_DEPLOYMENT_TARGET = 16.2;
				MACOSX_DEPLOYMENT_TARGET = 13.0;
				MARKETING_VERSION = 1.0;
				PRODUCT_BUNDLE_IDENTIFIER = "ca.camosun.ics21-064.ListQuestion45Tests";
				PRODUCT_NAME = "$(TARGET_NAME)";
				SDKROOT = auto;
				SUPPORTED_PLATFORMS = "iphoneos iphonesimulator macosx";
				SWIFT_EMIT_LOC_STRINGS = NO;
				SWIFT_VERSION = 5.0;
				TARGETED_DEVICE_FAMILY = "1,2";
				TEST_HOST = "$(BUILT_PRODUCTS_DIR)/ListQuestion45.app/$(BUNDLE_EXECUTABLE_FOLDER_PATH)/ListQuestion45";
			};
			name = Release;
		};
		8E79892529B6CC1900AA4DCC /* Debug */ = {
			isa = XCBuildConfiguration;
			buildSettings = {
				ALWAYS_EMBED_SWIFT_STANDARD_LIBRARIES = YES;
				CODE_SIGN_STYLE = Automatic;
				CURRENT_PROJECT_VERSION = 1;
				GENERATE_INFOPLIST_FILE = YES;
				IPHONEOS_DEPLOYMENT_TARGET = 16.2;
				MACOSX_DEPLOYMENT_TARGET = 13.0;
				MARKETING_VERSION = 1.0;
				PRODUCT_BUNDLE_IDENTIFIER = "ca.camosun.ics21-064.ListQuestion45UITests";
				PRODUCT_NAME = "$(TARGET_NAME)";
				SDKROOT = auto;
				SUPPORTED_PLATFORMS = "iphoneos iphonesimulator macosx";
				SWIFT_EMIT_LOC_STRINGS = NO;
				SWIFT_VERSION = 5.0;
				TARGETED_DEVICE_FAMILY = "1,2";
				TEST_TARGET_NAME = ListQuestion45;
			};
			name = Debug;
		};
		8E79892629B6CC1900AA4DCC /* Release */ = {
			isa = XCBuildConfiguration;
			buildSettings = {
				ALWAYS_EMBED_SWIFT_STANDARD_LIBRARIES = YES;
				CODE_SIGN_STYLE = Automatic;
				CURRENT_PROJECT_VERSION = 1;
				GENERATE_INFOPLIST_FILE = YES;
				IPHONEOS_DEPLOYMENT_TARGET = 16.2;
				MACOSX_DEPLOYMENT_TARGET = 13.0;
				MARKETING_VERSION = 1.0;
				PRODUCT_BUNDLE_IDENTIFIER = "ca.camosun.ics21-064.ListQuestion45UITests";
				PRODUCT_NAME = "$(TARGET_NAME)";
				SDKROOT = auto;
				SUPPORTED_PLATFORMS = "iphoneos iphonesimulator macosx";
				SWIFT_EMIT_LOC_STRINGS = NO;
				SWIFT_VERSION = 5.0;
				TARGETED_DEVICE_FAMILY = "1,2";
				TEST_TARGET_NAME = ListQuestion45;
			};
			name = Release;
		};
/* End XCBuildConfiguration section */

/* Begin XCConfigurationList section */
		8E7988F429B6CC1800AA4DCC /* Build configuration list for PBXProject "ListQuestion45" */ = {
			isa = XCConfigurationList;
			buildConfigurations = (
				8E79891C29B6CC1900AA4DCC /* Debug */,
				8E79891D29B6CC1900AA4DCC /* Release */,
			);
			defaultConfigurationIsVisible = 0;
			defaultConfigurationName = Release;
		};
		8E79891E29B6CC1900AA4DCC /* Build configuration list for PBXNativeTarget "ListQuestion45" */ = {
			isa = XCConfigurationList;
			buildConfigurations = (
				8E79891F29B6CC1900AA4DCC /* Debug */,
				8E79892029B6CC1900AA4DCC /* Release */,
			);
			defaultConfigurationIsVisible = 0;
			defaultConfigurationName = Release;
		};
		8E79892129B6CC1900AA4DCC /* Build configuration list for PBXNativeTarget "ListQuestion45Tests" */ = {
			isa = XCConfigurationList;
			buildConfigurations = (
				8E79892229B6CC1900AA4DCC /* Debug */,
				8E79892329B6CC1900AA4DCC /* Release */,
			);
			defaultConfigurationIsVisible = 0;
			defaultConfigurationName = Release;
		};
		8E79892429B6CC1900AA4DCC /* Build configuration list for PBXNativeTarget "ListQuestion45UITests" */ = {
			isa = XCConfigurationList;
			buildConfigurations = (
				8E79892529B6CC1900AA4DCC /* Debug */,
				8E79892629B6CC1900AA4DCC /* Release */,
			);
			defaultConfigurationIsVisible = 0;
			defaultConfigurationName = Release;
		};
/* End XCConfigurationList section */
	};
	rootObject = 8E7988F129B6CC1800AA4DCC /* Project object */;
}
