// !$*UTF8*$!
{
	archiveVersion = 1;
	classes = {
	};
	objectVersion = 56;
	objects = {

/* Begin PBXBuildFile section */
		8E44AEE729B5B7C800DF2A0F /* NavigationQ55App.swift in Sources */ = {isa = PBXBuildFile; fileRef = 8E44AEE629B5B7C800DF2A0F /* NavigationQ55App.swift */; };
		8E44AEE929B5B7C800DF2A0F /* ContentView.swift in Sources */ = {isa = PBXBuildFile; fileRef = 8E44AEE829B5B7C800DF2A0F /* ContentView.swift */; };
		8E44AEEB29B5B7C900DF2A0F /* Assets.xcassets in Resources */ = {isa = PBXBuildFile; fileRef = 8E44AEEA29B5B7C900DF2A0F /* Assets.xcassets */; };
		8E44AEEF29B5B7C900DF2A0F /* Preview Assets.xcassets in Resources */ = {isa = PBXBuildFile; fileRef = 8E44AEEE29B5B7C900DF2A0F /* Preview Assets.xcassets */; };
		8E44AEF929B5B7C900DF2A0F /* NavigationQ55Tests.swift in Sources */ = {isa = PBXBuildFile; fileRef = 8E44AEF829B5B7C900DF2A0F /* NavigationQ55Tests.swift */; };
		8E44AF0329B5B7C900DF2A0F /* NavigationQ55UITests.swift in Sources */ = {isa = PBXBuildFile; fileRef = 8E44AF0229B5B7C900DF2A0F /* NavigationQ55UITests.swift */; };
		8E44AF0529B5B7C900DF2A0F /* NavigationQ55UITestsLaunchTests.swift in Sources */ = {isa = PBXBuildFile; fileRef = 8E44AF0429B5B7C900DF2A0F /* NavigationQ55UITestsLaunchTests.swift */; };
/* End PBXBuildFile section */

/* Begin PBXContainerItemProxy section */
		8E44AEF529B5B7C900DF2A0F /* PBXContainerItemProxy */ = {
			isa = PBXContainerItemProxy;
			containerPortal = 8E44AEDB29B5B7C800DF2A0F /* Project object */;
			proxyType = 1;
			remoteGlobalIDString = 8E44AEE229B5B7C800DF2A0F;
			remoteInfo = NavigationQ55;
		};
		8E44AEFF29B5B7C900DF2A0F /* PBXContainerItemProxy */ = {
			isa = PBXContainerItemProxy;
			containerPortal = 8E44AEDB29B5B7C800DF2A0F /* Project object */;
			proxyType = 1;
			remoteGlobalIDString = 8E44AEE229B5B7C800DF2A0F;
			remoteInfo = NavigationQ55;
		};
/* End PBXContainerItemProxy section */

/* Begin PBXFileReference section */
		8E44AEE329B5B7C800DF2A0F /* NavigationQ55.app */ = {isa = PBXFileReference; explicitFileType = wrapper.application; includeInIndex = 0; path = NavigationQ55.app; sourceTree = BUILT_PRODUCTS_DIR; };
		8E44AEE629B5B7C800DF2A0F /* NavigationQ55App.swift */ = {isa = PBXFileReference; lastKnownFileType = sourcecode.swift; path = NavigationQ55App.swift; sourceTree = "<group>"; };
		8E44AEE829B5B7C800DF2A0F /* ContentView.swift */ = {isa = PBXFileReference; lastKnownFileType = sourcecode.swift; path = ContentView.swift; sourceTree = "<group>"; };
		8E44AEEA29B5B7C900DF2A0F /* Assets.xcassets */ = {isa = PBXFileReference; lastKnownFileType = folder.assetcatalog; path = Assets.xcassets; sourceTree = "<group>"; };
		8E44AEEC29B5B7C900DF2A0F /* NavigationQ55.entitlements */ = {isa = PBXFileReference; lastKnownFileType = text.plist.entitlements; path = NavigationQ55.entitlements; sourceTree = "<group>"; };
		8E44AEEE29B5B7C900DF2A0F /* Preview Assets.xcassets */ = {isa = PBXFileReference; lastKnownFileType = folder.assetcatalog; path = "Preview Assets.xcassets"; sourceTree = "<group>"; };
		8E44AEF429B5B7C900DF2A0F /* NavigationQ55Tests.xctest */ = {isa = PBXFileReference; explicitFileType = wrapper.cfbundle; includeInIndex = 0; path = NavigationQ55Tests.xctest; sourceTree = BUILT_PRODUCTS_DIR; };
		8E44AEF829B5B7C900DF2A0F /* NavigationQ55Tests.swift */ = {isa = PBXFileReference; lastKnownFileType = sourcecode.swift; path = NavigationQ55Tests.swift; sourceTree = "<group>"; };
		8E44AEFE29B5B7C900DF2A0F /* NavigationQ55UITests.xctest */ = {isa = PBXFileReference; explicitFileType = wrapper.cfbundle; includeInIndex = 0; path = NavigationQ55UITests.xctest; sourceTree = BUILT_PRODUCTS_DIR; };
		8E44AF0229B5B7C900DF2A0F /* NavigationQ55UITests.swift */ = {isa = PBXFileReference; lastKnownFileType = sourcecode.swift; path = NavigationQ55UITests.swift; sourceTree = "<group>"; };
		8E44AF0429B5B7C900DF2A0F /* NavigationQ55UITestsLaunchTests.swift */ = {isa = PBXFileReference; lastKnownFileType = sourcecode.swift; path = NavigationQ55UITestsLaunchTests.swift; sourceTree = "<group>"; };
/* End PBXFileReference section */

/* Begin PBXFrameworksBuildPhase section */
		8E44AEE029B5B7C800DF2A0F /* Frameworks */ = {
			isa = PBXFrameworksBuildPhase;
			buildActionMask = 2147483647;
			files = (
			);
			runOnlyForDeploymentPostprocessing = 0;
		};
		8E44AEF129B5B7C900DF2A0F /* Frameworks */ = {
			isa = PBXFrameworksBuildPhase;
			buildActionMask = 2147483647;
			files = (
			);
			runOnlyForDeploymentPostprocessing = 0;
		};
		8E44AEFB29B5B7C900DF2A0F /* Frameworks */ = {
			isa = PBXFrameworksBuildPhase;
			buildActionMask = 2147483647;
			files = (
			);
			runOnlyForDeploymentPostprocessing = 0;
		};
/* End PBXFrameworksBuildPhase section */

/* Begin PBXGroup section */
		8E44AEDA29B5B7C800DF2A0F = {
			isa = PBXGroup;
			children = (
				8E44AEE529B5B7C800DF2A0F /* NavigationQ55 */,
				8E44AEF729B5B7C900DF2A0F /* NavigationQ55Tests */,
				8E44AF0129B5B7C900DF2A0F /* NavigationQ55UITests */,
				8E44AEE429B5B7C800DF2A0F /* Products */,
			);
			sourceTree = "<group>";
		};
		8E44AEE429B5B7C800DF2A0F /* Products */ = {
			isa = PBXGroup;
			children = (
				8E44AEE329B5B7C800DF2A0F /* NavigationQ55.app */,
				8E44AEF429B5B7C900DF2A0F /* NavigationQ55Tests.xctest */,
				8E44AEFE29B5B7C900DF2A0F /* NavigationQ55UITests.xctest */,
			);
			name = Products;
			sourceTree = "<group>";
		};
		8E44AEE529B5B7C800DF2A0F /* NavigationQ55 */ = {
			isa = PBXGroup;
			children = (
				8E44AEE629B5B7C800DF2A0F /* NavigationQ55App.swift */,
				8E44AEE829B5B7C800DF2A0F /* ContentView.swift */,
				8E44AEEA29B5B7C900DF2A0F /* Assets.xcassets */,
				8E44AEEC29B5B7C900DF2A0F /* NavigationQ55.entitlements */,
				8E44AEED29B5B7C900DF2A0F /* Preview Content */,
			);
			path = NavigationQ55;
			sourceTree = "<group>";
		};
		8E44AEED29B5B7C900DF2A0F /* Preview Content */ = {
			isa = PBXGroup;
			children = (
				8E44AEEE29B5B7C900DF2A0F /* Preview Assets.xcassets */,
			);
			path = "Preview Content";
			sourceTree = "<group>";
		};
		8E44AEF729B5B7C900DF2A0F /* NavigationQ55Tests */ = {
			isa = PBXGroup;
			children = (
				8E44AEF829B5B7C900DF2A0F /* NavigationQ55Tests.swift */,
			);
			path = NavigationQ55Tests;
			sourceTree = "<group>";
		};
		8E44AF0129B5B7C900DF2A0F /* NavigationQ55UITests */ = {
			isa = PBXGroup;
			children = (
				8E44AF0229B5B7C900DF2A0F /* NavigationQ55UITests.swift */,
				8E44AF0429B5B7C900DF2A0F /* NavigationQ55UITestsLaunchTests.swift */,
			);
			path = NavigationQ55UITests;
			sourceTree = "<group>";
		};
/* End PBXGroup section */

/* Begin PBXNativeTarget section */
		8E44AEE229B5B7C800DF2A0F /* NavigationQ55 */ = {
			isa = PBXNativeTarget;
			buildConfigurationList = 8E44AF0829B5B7C900DF2A0F /* Build configuration list for PBXNativeTarget "NavigationQ55" */;
			buildPhases = (
				8E44AEDF29B5B7C800DF2A0F /* Sources */,
				8E44AEE029B5B7C800DF2A0F /* Frameworks */,
				8E44AEE129B5B7C800DF2A0F /* Resources */,
			);
			buildRules = (
			);
			dependencies = (
			);
			name = NavigationQ55;
			productName = NavigationQ55;
			productReference = 8E44AEE329B5B7C800DF2A0F /* NavigationQ55.app */;
			productType = "com.apple.product-type.application";
		};
		8E44AEF329B5B7C900DF2A0F /* NavigationQ55Tests */ = {
			isa = PBXNativeTarget;
			buildConfigurationList = 8E44AF0B29B5B7C900DF2A0F /* Build configuration list for PBXNativeTarget "NavigationQ55Tests" */;
			buildPhases = (
				8E44AEF029B5B7C900DF2A0F /* Sources */,
				8E44AEF129B5B7C900DF2A0F /* Frameworks */,
				8E44AEF229B5B7C900DF2A0F /* Resources */,
			);
			buildRules = (
			);
			dependencies = (
				8E44AEF629B5B7C900DF2A0F /* PBXTargetDependency */,
			);
			name = NavigationQ55Tests;
			productName = NavigationQ55Tests;
			productReference = 8E44AEF429B5B7C900DF2A0F /* NavigationQ55Tests.xctest */;
			productType = "com.apple.product-type.bundle.unit-test";
		};
		8E44AEFD29B5B7C900DF2A0F /* NavigationQ55UITests */ = {
			isa = PBXNativeTarget;
			buildConfigurationList = 8E44AF0E29B5B7C900DF2A0F /* Build configuration list for PBXNativeTarget "NavigationQ55UITests" */;
			buildPhases = (
				8E44AEFA29B5B7C900DF2A0F /* Sources */,
				8E44AEFB29B5B7C900DF2A0F /* Frameworks */,
				8E44AEFC29B5B7C900DF2A0F /* Resources */,
			);
			buildRules = (
			);
			dependencies = (
				8E44AF0029B5B7C900DF2A0F /* PBXTargetDependency */,
			);
			name = NavigationQ55UITests;
			productName = NavigationQ55UITests;
			productReference = 8E44AEFE29B5B7C900DF2A0F /* NavigationQ55UITests.xctest */;
			productType = "com.apple.product-type.bundle.ui-testing";
		};
/* End PBXNativeTarget section */

/* Begin PBXProject section */
		8E44AEDB29B5B7C800DF2A0F /* Project object */ = {
			isa = PBXProject;
			attributes = {
				BuildIndependentTargetsInParallel = 1;
				LastSwiftUpdateCheck = 1420;
				LastUpgradeCheck = 1420;
				TargetAttributes = {
					8E44AEE229B5B7C800DF2A0F = {
						CreatedOnToolsVersion = 14.2;
					};
					8E44AEF329B5B7C900DF2A0F = {
						CreatedOnToolsVersion = 14.2;
						TestTargetID = 8E44AEE229B5B7C800DF2A0F;
					};
					8E44AEFD29B5B7C900DF2A0F = {
						CreatedOnToolsVersion = 14.2;
						TestTargetID = 8E44AEE229B5B7C800DF2A0F;
					};
				};
			};
			buildConfigurationList = 8E44AEDE29B5B7C800DF2A0F /* Build configuration list for PBXProject "NavigationQ55" */;
			compatibilityVersion = "Xcode 14.0";
			developmentRegion = en;
			hasScannedForEncodings = 0;
			knownRegions = (
				en,
				Base,
			);
			mainGroup = 8E44AEDA29B5B7C800DF2A0F;
			productRefGroup = 8E44AEE429B5B7C800DF2A0F /* Products */;
			projectDirPath = "";
			projectRoot = "";
			targets = (
				8E44AEE229B5B7C800DF2A0F /* NavigationQ55 */,
				8E44AEF329B5B7C900DF2A0F /* NavigationQ55Tests */,
				8E44AEFD29B5B7C900DF2A0F /* NavigationQ55UITests */,
			);
		};
/* End PBXProject section */

/* Begin PBXResourcesBuildPhase section */
		8E44AEE129B5B7C800DF2A0F /* Resources */ = {
			isa = PBXResourcesBuildPhase;
			buildActionMask = 2147483647;
			files = (
				8E44AEEF29B5B7C900DF2A0F /* Preview Assets.xcassets in Resources */,
				8E44AEEB29B5B7C900DF2A0F /* Assets.xcassets in Resources */,
			);
			runOnlyForDeploymentPostprocessing = 0;
		};
		8E44AEF229B5B7C900DF2A0F /* Resources */ = {
			isa = PBXResourcesBuildPhase;
			buildActionMask = 2147483647;
			files = (
			);
			runOnlyForDeploymentPostprocessing = 0;
		};
		8E44AEFC29B5B7C900DF2A0F /* Resources */ = {
			isa = PBXResourcesBuildPhase;
			buildActionMask = 2147483647;
			files = (
			);
			runOnlyForDeploymentPostprocessing = 0;
		};
/* End PBXResourcesBuildPhase section */

/* Begin PBXSourcesBuildPhase section */
		8E44AEDF29B5B7C800DF2A0F /* Sources */ = {
			isa = PBXSourcesBuildPhase;
			buildActionMask = 2147483647;
			files = (
				8E44AEE929B5B7C800DF2A0F /* ContentView.swift in Sources */,
				8E44AEE729B5B7C800DF2A0F /* NavigationQ55App.swift in Sources */,
			);
			runOnlyForDeploymentPostprocessing = 0;
		};
		8E44AEF029B5B7C900DF2A0F /* Sources */ = {
			isa = PBXSourcesBuildPhase;
			buildActionMask = 2147483647;
			files = (
				8E44AEF929B5B7C900DF2A0F /* NavigationQ55Tests.swift in Sources */,
			);
			runOnlyForDeploymentPostprocessing = 0;
		};
		8E44AEFA29B5B7C900DF2A0F /* Sources */ = {
			isa = PBXSourcesBuildPhase;
			buildActionMask = 2147483647;
			files = (
				8E44AF0529B5B7C900DF2A0F /* NavigationQ55UITestsLaunchTests.swift in Sources */,
				8E44AF0329B5B7C900DF2A0F /* NavigationQ55UITests.swift in Sources */,
			);
			runOnlyForDeploymentPostprocessing = 0;
		};
/* End PBXSourcesBuildPhase section */

/* Begin PBXTargetDependency section */
		8E44AEF629B5B7C900DF2A0F /* PBXTargetDependency */ = {
			isa = PBXTargetDependency;
			target = 8E44AEE229B5B7C800DF2A0F /* NavigationQ55 */;
			targetProxy = 8E44AEF529B5B7C900DF2A0F /* PBXContainerItemProxy */;
		};
		8E44AF0029B5B7C900DF2A0F /* PBXTargetDependency */ = {
			isa = PBXTargetDependency;
			target = 8E44AEE229B5B7C800DF2A0F /* NavigationQ55 */;
			targetProxy = 8E44AEFF29B5B7C900DF2A0F /* PBXContainerItemProxy */;
		};
/* End PBXTargetDependency section */

/* Begin XCBuildConfiguration section */
		8E44AF0629B5B7C900DF2A0F /* Debug */ = {
			isa = XCBuildConfiguration;
			buildSettings = {
				ALWAYS_SEARCH_USER_PATHS = NO;
				CLANG_ANALYZER_NONNULL = YES;
				CLANG_ANALYZER_NUMBER_OBJECT_CONVERSION = YES_AGGRESSIVE;
				CLANG_CXX_LANGUAGE_STANDARD = "gnu++20";
				CLANG_ENABLE_MODULES = YES;
				CLANG_ENABLE_OBJC_ARC = YES;
				CLANG_ENABLE_OBJC_WEAK = YES;
				CLANG_WARN_BLOCK_CAPTURE_AUTORELEASING = YES;
				CLANG_WARN_BOOL_CONVERSION = YES;
				CLANG_WARN_COMMA = YES;
				CLANG_WARN_CONSTANT_CONVERSION = YES;
				CLANG_WARN_DEPRECATED_OBJC_IMPLEMENTATIONS = YES;
				CLANG_WARN_DIRECT_OBJC_ISA_USAGE = YES_ERROR;
				CLANG_WARN_DOCUMENTATION_COMMENTS = YES;
				CLANG_WARN_EMPTY_BODY = YES;
				CLANG_WARN_ENUM_CONVERSION = YES;
				CLANG_WARN_INFINITE_RECURSION = YES;
				CLANG_WARN_INT_CONVERSION = YES;
				CLANG_WARN_NON_LITERAL_NULL_CONVERSION = YES;
				CLANG_WARN_OBJC_IMPLICIT_RETAIN_SELF = YES;
				CLANG_WARN_OBJC_LITERAL_CONVERSION = YES;
				CLANG_WARN_OBJC_ROOT_CLASS = YES_ERROR;
				CLANG_WARN_QUOTED_INCLUDE_IN_FRAMEWORK_HEADER = YES;
				CLANG_WARN_RANGE_LOOP_ANALYSIS = YES;
				CLANG_WARN_STRICT_PROTOTYPES = YES;
				CLANG_WARN_SUSPICIOUS_MOVE = YES;
				CLANG_WARN_UNGUARDED_AVAILABILITY = YES_AGGRESSIVE;
				CLANG_WARN_UNREACHABLE_CODE = YES;
				CLANG_WARN__DUPLICATE_METHOD_MATCH = YES;
				COPY_PHASE_STRIP = NO;
				DEBUG_INFORMATION_FORMAT = dwarf;
				ENABLE_STRICT_OBJC_MSGSEND = YES;
				ENABLE_TESTABILITY = YES;
				GCC_C_LANGUAGE_STANDARD = gnu11;
				GCC_DYNAMIC_NO_PIC = NO;
				GCC_NO_COMMON_BLOCKS = YES;
				GCC_OPTIMIZATION_LEVEL = 0;
				GCC_PREPROCESSOR_DEFINITIONS = (
					"DEBUG=1",
					"$(inherited)",
				);
				GCC_WARN_64_TO_32_BIT_CONVERSION = YES;
				GCC_WARN_ABOUT_RETURN_TYPE = YES_ERROR;
				GCC_WARN_UNDECLARED_SELECTOR = YES;
				GCC_WARN_UNINITIALIZED_AUTOS = YES_AGGRESSIVE;
				GCC_WARN_UNUSED_FUNCTION = YES;
				GCC_WARN_UNUSED_VARIABLE = YES;
				MTL_ENABLE_DEBUG_INFO = INCLUDE_SOURCE;
				MTL_FAST_MATH = YES;
				ONLY_ACTIVE_ARCH = YES;
				SWIFT_ACTIVE_COMPILATION_CONDITIONS = DEBUG;
				SWIFT_OPTIMIZATION_LEVEL = "-Onone";
			};
			name = Debug;
		};
		8E44AF0729B5B7C900DF2A0F /* Release */ = {
			isa = XCBuildConfiguration;
			buildSettings = {
				ALWAYS_SEARCH_USER_PATHS = NO;
				CLANG_ANALYZER_NONNULL = YES;
				CLANG_ANALYZER_NUMBER_OBJECT_CONVERSION = YES_AGGRESSIVE;
				CLANG_CXX_LANGUAGE_STANDARD = "gnu++20";
				CLANG_ENABLE_MODULES = YES;
				CLANG_ENABLE_OBJC_ARC = YES;
				CLANG_ENABLE_OBJC_WEAK = YES;
				CLANG_WARN_BLOCK_CAPTURE_AUTORELEASING = YES;
				CLANG_WARN_BOOL_CONVERSION = YES;
				CLANG_WARN_COMMA = YES;
				CLANG_WARN_CONSTANT_CONVERSION = YES;
				CLANG_WARN_DEPRECATED_OBJC_IMPLEMENTATIONS = YES;
				CLANG_WARN_DIRECT_OBJC_ISA_USAGE = YES_ERROR;
				CLANG_WARN_DOCUMENTATION_COMMENTS = YES;
				CLANG_WARN_EMPTY_BODY = YES;
				CLANG_WARN_ENUM_CONVERSION = YES;
				CLANG_WARN_INFINITE_RECURSION = YES;
				CLANG_WARN_INT_CONVERSION = YES;
				CLANG_WARN_NON_LITERAL_NULL_CONVERSION = YES;
				CLANG_WARN_OBJC_IMPLICIT_RETAIN_SELF = YES;
				CLANG_WARN_OBJC_LITERAL_CONVERSION = YES;
				CLANG_WARN_OBJC_ROOT_CLASS = YES_ERROR;
				CLANG_WARN_QUOTED_INCLUDE_IN_FRAMEWORK_HEADER = YES;
				CLANG_WARN_RANGE_LOOP_ANALYSIS = YES;
				CLANG_WARN_STRICT_PROTOTYPES = YES;
				CLANG_WARN_SUSPICIOUS_MOVE = YES;
				CLANG_WARN_UNGUARDED_AVAILABILITY = YES_AGGRESSIVE;
				CLANG_WARN_UNREACHABLE_CODE = YES;
				CLANG_WARN__DUPLICATE_METHOD_MATCH = YES;
				COPY_PHASE_STRIP = NO;
				DEBUG_INFORMATION_FORMAT = "dwarf-with-dsym";
				ENABLE_NS_ASSERTIONS = NO;
				ENABLE_STRICT_OBJC_MSGSEND = YES;
				GCC_C_LANGUAGE_STANDARD = gnu11;
				GCC_NO_COMMON_BLOCKS = YES;
				GCC_WARN_64_TO_32_BIT_CONVERSION = YES;
				GCC_WARN_ABOUT_RETURN_TYPE = YES_ERROR;
				GCC_WARN_UNDECLARED_SELECTOR = YES;
				GCC_WARN_UNINITIALIZED_AUTOS = YES_AGGRESSIVE;
				GCC_WARN_UNUSED_FUNCTION = YES;
				GCC_WARN_UNUSED_VARIABLE = YES;
				MTL_ENABLE_DEBUG_INFO = NO;
				MTL_FAST_MATH = YES;
				SWIFT_COMPILATION_MODE = wholemodule;
				SWIFT_OPTIMIZATION_LEVEL = "-O";
			};
			name = Release;
		};
		8E44AF0929B5B7C900DF2A0F /* Debug */ = {
			isa = XCBuildConfiguration;
			buildSettings = {
				ASSETCATALOG_COMPILER_APPICON_NAME = AppIcon;
				ASSETCATALOG_COMPILER_GLOBAL_ACCENT_COLOR_NAME = AccentColor;
				CODE_SIGN_ENTITLEMENTS = NavigationQ55/NavigationQ55.entitlements;
				CODE_SIGN_STYLE = Automatic;
				CURRENT_PROJECT_VERSION = 1;
				DEVELOPMENT_ASSET_PATHS = "\"NavigationQ55/Preview Content\"";
				ENABLE_PREVIEWS = YES;
				GENERATE_INFOPLIST_FILE = YES;
				"INFOPLIST_KEY_UIApplicationSceneManifest_Generation[sdk=iphoneos*]" = YES;
				"INFOPLIST_KEY_UIApplicationSceneManifest_Generation[sdk=iphonesimulator*]" = YES;
				"INFOPLIST_KEY_UIApplicationSupportsIndirectInputEvents[sdk=iphoneos*]" = YES;
				"INFOPLIST_KEY_UIApplicationSupportsIndirectInputEvents[sdk=iphonesimulator*]" = YES;
				"INFOPLIST_KEY_UILaunchScreen_Generation[sdk=iphoneos*]" = YES;
				"INFOPLIST_KEY_UILaunchScreen_Generation[sdk=iphonesimulator*]" = YES;
				"INFOPLIST_KEY_UIStatusBarStyle[sdk=iphoneos*]" = UIStatusBarStyleDefault;
				"INFOPLIST_KEY_UIStatusBarStyle[sdk=iphonesimulator*]" = UIStatusBarStyleDefault;
				INFOPLIST_KEY_UISupportedInterfaceOrientations_iPad = "UIInterfaceOrientationPortrait UIInterfaceOrientationPortraitUpsideDown UIInterfaceOrientationLandscapeLeft UIInterfaceOrientationLandscapeRight";
				INFOPLIST_KEY_UISupportedInterfaceOrientations_iPhone = "UIInterfaceOrientationPortrait UIInterfaceOrientationLandscapeLeft UIInterfaceOrientationLandscapeRight";
				IPHONEOS_DEPLOYMENT_TARGET = 16.2;
				LD_RUNPATH_SEARCH_PATHS = "@executable_path/Frameworks";
				"LD_RUNPATH_SEARCH_PATHS[sdk=macosx*]" = "@executable_path/../Frameworks";
				MACOSX_DEPLOYMENT_TARGET = 13.0;
				MARKETING_VERSION = 1.0;
				PRODUCT_BUNDLE_IDENTIFIER = "ca.camosun.ics21-064.NavigationQ55";
				PRODUCT_NAME = "$(TARGET_NAME)";
				SDKROOT = auto;
				SUPPORTED_PLATFORMS = "iphoneos iphonesimulator macosx";
				SWIFT_EMIT_LOC_STRINGS = YES;
				SWIFT_VERSION = 5.0;
				TARGETED_DEVICE_FAMILY = "1,2";
			};
			name = Debug;
		};
		8E44AF0A29B5B7C900DF2A0F /* Release */ = {
			isa = XCBuildConfiguration;
			buildSettings = {
				ASSETCATALOG_COMPILER_APPICON_NAME = AppIcon;
				ASSETCATALOG_COMPILER_GLOBAL_ACCENT_COLOR_NAME = AccentColor;
				CODE_SIGN_ENTITLEMENTS = NavigationQ55/NavigationQ55.entitlements;
				CODE_SIGN_STYLE = Automatic;
				CURRENT_PROJECT_VERSION = 1;
				DEVELOPMENT_ASSET_PATHS = "\"NavigationQ55/Preview Content\"";
				ENABLE_PREVIEWS = YES;
				GENERATE_INFOPLIST_FILE = YES;
				"INFOPLIST_KEY_UIApplicationSceneManifest_Generation[sdk=iphoneos*]" = YES;
				"INFOPLIST_KEY_UIApplicationSceneManifest_Generation[sdk=iphonesimulator*]" = YES;
				"INFOPLIST_KEY_UIApplicationSupportsIndirectInputEvents[sdk=iphoneos*]" = YES;
				"INFOPLIST_KEY_UIApplicationSupportsIndirectInputEvents[sdk=iphonesimulator*]" = YES;
				"INFOPLIST_KEY_UILaunchScreen_Generation[sdk=iphoneos*]" = YES;
				"INFOPLIST_KEY_UILaunchScreen_Generation[sdk=iphonesimulator*]" = YES;
				"INFOPLIST_KEY_UIStatusBarStyle[sdk=iphoneos*]" = UIStatusBarStyleDefault;
				"INFOPLIST_KEY_UIStatusBarStyle[sdk=iphonesimulator*]" = UIStatusBarStyleDefault;
				INFOPLIST_KEY_UISupportedInterfaceOrientations_iPad = "UIInterfaceOrientationPortrait UIInterfaceOrientationPortraitUpsideDown UIInterfaceOrientationLandscapeLeft UIInterfaceOrientationLandscapeRight";
				INFOPLIST_KEY_UISupportedInterfaceOrientations_iPhone = "UIInterfaceOrientationPortrait UIInterfaceOrientationLandscapeLeft UIInterfaceOrientationLandscapeRight";
				IPHONEOS_DEPLOYMENT_TARGET = 16.2;
				LD_RUNPATH_SEARCH_PATHS = "@executable_path/Frameworks";
				"LD_RUNPATH_SEARCH_PATHS[sdk=macosx*]" = "@executable_path/../Frameworks";
				MACOSX_DEPLOYMENT_TARGET = 13.0;
				MARKETING_VERSION = 1.0;
				PRODUCT_BUNDLE_IDENTIFIER = "ca.camosun.ics21-064.NavigationQ55";
				PRODUCT_NAME = "$(TARGET_NAME)";
				SDKROOT = auto;
				SUPPORTED_PLATFORMS = "iphoneos iphonesimulator macosx";
				SWIFT_EMIT_LOC_STRINGS = YES;
				SWIFT_VERSION = 5.0;
				TARGETED_DEVICE_FAMILY = "1,2";
			};
			name = Release;
		};
		8E44AF0C29B5B7C900DF2A0F /* Debug */ = {
			isa = XCBuildConfiguration;
			buildSettings = {
				ALWAYS_EMBED_SWIFT_STANDARD_LIBRARIES = YES;
				BUNDLE_LOADER = "$(TEST_HOST)";
				CODE_SIGN_STYLE = Automatic;
				CURRENT_PROJECT_VERSION = 1;
				GENERATE_INFOPLIST_FILE = YES;
				IPHONEOS_DEPLOYMENT_TARGET = 16.2;
				MACOSX_DEPLOYMENT_TARGET = 13.0;
				MARKETING_VERSION = 1.0;
				PRODUCT_BUNDLE_IDENTIFIER = "ca.camosun.ics21-064.NavigationQ55Tests";
				PRODUCT_NAME = "$(TARGET_NAME)";
				SDKROOT = auto;
				SUPPORTED_PLATFORMS = "iphoneos iphonesimulator macosx";
				SWIFT_EMIT_LOC_STRINGS = NO;
				SWIFT_VERSION = 5.0;
				TARGETED_DEVICE_FAMILY = "1,2";
				TEST_HOST = "$(BUILT_PRODUCTS_DIR)/NavigationQ55.app/$(BUNDLE_EXECUTABLE_FOLDER_PATH)/NavigationQ55";
			};
			name = Debug;
		};
		8E44AF0D29B5B7C900DF2A0F /* Release */ = {
			isa = XCBuildConfiguration;
			buildSettings = {
				ALWAYS_EMBED_SWIFT_STANDARD_LIBRARIES = YES;
				BUNDLE_LOADER = "$(TEST_HOST)";
				CODE_SIGN_STYLE = Automatic;
				CURRENT_PROJECT_VERSION = 1;
				GENERATE_INFOPLIST_FILE = YES;
				IPHONEOS_DEPLOYMENT_TARGET = 16.2;
				MACOSX_DEPLOYMENT_TARGET = 13.0;
				MARKETING_VERSION = 1.0;
				PRODUCT_BUNDLE_IDENTIFIER = "ca.camosun.ics21-064.NavigationQ55Tests";
				PRODUCT_NAME = "$(TARGET_NAME)";
				SDKROOT = auto;
				SUPPORTED_PLATFORMS = "iphoneos iphonesimulator macosx";
				SWIFT_EMIT_LOC_STRINGS = NO;
				SWIFT_VERSION = 5.0;
				TARGETED_DEVICE_FAMILY = "1,2";
				TEST_HOST = "$(BUILT_PRODUCTS_DIR)/NavigationQ55.app/$(BUNDLE_EXECUTABLE_FOLDER_PATH)/NavigationQ55";
			};
			name = Release;
		};
		8E44AF0F29B5B7C900DF2A0F /* Debug */ = {
			isa = XCBuildConfiguration;
			buildSettings = {
				ALWAYS_EMBED_SWIFT_STANDARD_LIBRARIES = YES;
				CODE_SIGN_STYLE = Automatic;
				CURRENT_PROJECT_VERSION = 1;
				GENERATE_INFOPLIST_FILE = YES;
				IPHONEOS_DEPLOYMENT_TARGET = 16.2;
				MACOSX_DEPLOYMENT_TARGET = 13.0;
				MARKETING_VERSION = 1.0;
				PRODUCT_BUNDLE_IDENTIFIER = "ca.camosun.ics21-064.NavigationQ55UITests";
				PRODUCT_NAME = "$(TARGET_NAME)";
				SDKROOT = auto;
				SUPPORTED_PLATFORMS = "iphoneos iphonesimulator macosx";
				SWIFT_EMIT_LOC_STRINGS = NO;
				SWIFT_VERSION = 5.0;
				TARGETED_DEVICE_FAMILY = "1,2";
				TEST_TARGET_NAME = NavigationQ55;
			};
			name = Debug;
		};
		8E44AF1029B5B7C900DF2A0F /* Release */ = {
			isa = XCBuildConfiguration;
			buildSettings = {
				ALWAYS_EMBED_SWIFT_STANDARD_LIBRARIES = YES;
				CODE_SIGN_STYLE = Automatic;
				CURRENT_PROJECT_VERSION = 1;
				GENERATE_INFOPLIST_FILE = YES;
				IPHONEOS_DEPLOYMENT_TARGET = 16.2;
				MACOSX_DEPLOYMENT_TARGET = 13.0;
				MARKETING_VERSION = 1.0;
				PRODUCT_BUNDLE_IDENTIFIER = "ca.camosun.ics21-064.NavigationQ55UITests";
				PRODUCT_NAME = "$(TARGET_NAME)";
				SDKROOT = auto;
				SUPPORTED_PLATFORMS = "iphoneos iphonesimulator macosx";
				SWIFT_EMIT_LOC_STRINGS = NO;
				SWIFT_VERSION = 5.0;
				TARGETED_DEVICE_FAMILY = "1,2";
				TEST_TARGET_NAME = NavigationQ55;
			};
			name = Release;
		};
/* End XCBuildConfiguration section */

/* Begin XCConfigurationList section */
		8E44AEDE29B5B7C800DF2A0F /* Build configuration list for PBXProject "NavigationQ55" */ = {
			isa = XCConfigurationList;
			buildConfigurations = (
				8E44AF0629B5B7C900DF2A0F /* Debug */,
				8E44AF0729B5B7C900DF2A0F /* Release */,
			);
			defaultConfigurationIsVisible = 0;
			defaultConfigurationName = Release;
		};
		8E44AF0829B5B7C900DF2A0F /* Build configuration list for PBXNativeTarget "NavigationQ55" */ = {
			isa = XCConfigurationList;
			buildConfigurations = (
				8E44AF0929B5B7C900DF2A0F /* Debug */,
				8E44AF0A29B5B7C900DF2A0F /* Release */,
			);
			defaultConfigurationIsVisible = 0;
			defaultConfigurationName = Release;
		};
		8E44AF0B29B5B7C900DF2A0F /* Build configuration list for PBXNativeTarget "NavigationQ55Tests" */ = {
			isa = XCConfigurationList;
			buildConfigurations = (
				8E44AF0C29B5B7C900DF2A0F /* Debug */,
				8E44AF0D29B5B7C900DF2A0F /* Release */,
			);
			defaultConfigurationIsVisible = 0;
			defaultConfigurationName = Release;
		};
		8E44AF0E29B5B7C900DF2A0F /* Build configuration list for PBXNativeTarget "NavigationQ55UITests" */ = {
			isa = XCConfigurationList;
			buildConfigurations = (
				8E44AF0F29B5B7C900DF2A0F /* Debug */,
				8E44AF1029B5B7C900DF2A0F /* Release */,
			);
			defaultConfigurationIsVisible = 0;
			defaultConfigurationName = Release;
		};
/* End XCConfigurationList section */
	};
	rootObject = 8E44AEDB29B5B7C800DF2A0F /* Project object */;
}
