// !$*UTF8*$!
{
	archiveVersion = 1;
	classes = {
	};
	objectVersion = 56;
	objects = {

/* Begin PBXBuildFile section */
		8E79888F29B6B99800AA4DCC /* ListQuestion43App.swift in Sources */ = {isa = PBXBuildFile; fileRef = 8E79888E29B6B99800AA4DCC /* ListQuestion43App.swift */; };
		8E79889129B6B99800AA4DCC /* ContentView.swift in Sources */ = {isa = PBXBuildFile; fileRef = 8E79889029B6B99800AA4DCC /* ContentView.swift */; };
		8E79889329B6B99900AA4DCC /* Assets.xcassets in Resources */ = {isa = PBXBuildFile; fileRef = 8E79889229B6B99900AA4DCC /* Assets.xcassets */; };
		8E79889729B6B99900AA4DCC /* Preview Assets.xcassets in Resources */ = {isa = PBXBuildFile; fileRef = 8E79889629B6B99900AA4DCC /* Preview Assets.xcassets */; };
		8E7988A129B6B99900AA4DCC /* ListQuestion43Tests.swift in Sources */ = {isa = PBXBuildFile; fileRef = 8E7988A029B6B99900AA4DCC /* ListQuestion43Tests.swift */; };
		8E7988AB29B6B99900AA4DCC /* ListQuestion43UITests.swift in Sources */ = {isa = PBXBuildFile; fileRef = 8E7988AA29B6B99900AA4DCC /* ListQuestion43UITests.swift */; };
		8E7988AD29B6B99900AA4DCC /* ListQuestion43UITestsLaunchTests.swift in Sources */ = {isa = PBXBuildFile; fileRef = 8E7988AC29B6B99900AA4DCC /* ListQuestion43UITestsLaunchTests.swift */; };
/* End PBXBuildFile section */

/* Begin PBXContainerItemProxy section */
		8E79889D29B6B99900AA4DCC /* PBXContainerItemProxy */ = {
			isa = PBXContainerItemProxy;
			containerPortal = 8E79888329B6B99800AA4DCC /* Project object */;
			proxyType = 1;
			remoteGlobalIDString = 8E79888A29B6B99800AA4DCC;
			remoteInfo = ListQuestion43;
		};
		8E7988A729B6B99900AA4DCC /* PBXContainerItemProxy */ = {
			isa = PBXContainerItemProxy;
			containerPortal = 8E79888329B6B99800AA4DCC /* Project object */;
			proxyType = 1;
			remoteGlobalIDString = 8E79888A29B6B99800AA4DCC;
			remoteInfo = ListQuestion43;
		};
/* End PBXContainerItemProxy section */

/* Begin PBXFileReference section */
		8E79888B29B6B99800AA4DCC /* ListQuestion43.app */ = {isa = PBXFileReference; explicitFileType = wrapper.application; includeInIndex = 0; path = ListQuestion43.app; sourceTree = BUILT_PRODUCTS_DIR; };
		8E79888E29B6B99800AA4DCC /* ListQuestion43App.swift */ = {isa = PBXFileReference; lastKnownFileType = sourcecode.swift; path = ListQuestion43App.swift; sourceTree = "<group>"; };
		8E79889029B6B99800AA4DCC /* ContentView.swift */ = {isa = PBXFileReference; lastKnownFileType = sourcecode.swift; path = ContentView.swift; sourceTree = "<group>"; };
		8E79889229B6B99900AA4DCC /* Assets.xcassets */ = {isa = PBXFileReference; lastKnownFileType = folder.assetcatalog; path = Assets.xcassets; sourceTree = "<group>"; };
		8E79889429B6B99900AA4DCC /* ListQuestion43.entitlements */ = {isa = PBXFileReference; lastKnownFileType = text.plist.entitlements; path = ListQuestion43.entitlements; sourceTree = "<group>"; };
		8E79889629B6B99900AA4DCC /* Preview Assets.xcassets */ = {isa = PBXFileReference; lastKnownFileType = folder.assetcatalog; path = "Preview Assets.xcassets"; sourceTree = "<group>"; };
		8E79889C29B6B99900AA4DCC /* ListQuestion43Tests.xctest */ = {isa = PBXFileReference; explicitFileType = wrapper.cfbundle; includeInIndex = 0; path = ListQuestion43Tests.xctest; sourceTree = BUILT_PRODUCTS_DIR; };
		8E7988A029B6B99900AA4DCC /* ListQuestion43Tests.swift */ = {isa = PBXFileReference; lastKnownFileType = sourcecode.swift; path = ListQuestion43Tests.swift; sourceTree = "<group>"; };
		8E7988A629B6B99900AA4DCC /* ListQuestion43UITests.xctest */ = {isa = PBXFileReference; explicitFileType = wrapper.cfbundle; includeInIndex = 0; path = ListQuestion43UITests.xctest; sourceTree = BUILT_PRODUCTS_DIR; };
		8E7988AA29B6B99900AA4DCC /* ListQuestion43UITests.swift */ = {isa = PBXFileReference; lastKnownFileType = sourcecode.swift; path = ListQuestion43UITests.swift; sourceTree = "<group>"; };
		8E7988AC29B6B99900AA4DCC /* ListQuestion43UITestsLaunchTests.swift */ = {isa = PBXFileReference; lastKnownFileType = sourcecode.swift; path = ListQuestion43UITestsLaunchTests.swift; sourceTree = "<group>"; };
/* End PBXFileReference section */

/* Begin PBXFrameworksBuildPhase section */
		8E79888829B6B99800AA4DCC /* Frameworks */ = {
			isa = PBXFrameworksBuildPhase;
			buildActionMask = 2147483647;
			files = (
			);
			runOnlyForDeploymentPostprocessing = 0;
		};
		8E79889929B6B99900AA4DCC /* Frameworks */ = {
			isa = PBXFrameworksBuildPhase;
			buildActionMask = 2147483647;
			files = (
			);
			runOnlyForDeploymentPostprocessing = 0;
		};
		8E7988A329B6B99900AA4DCC /* Frameworks */ = {
			isa = PBXFrameworksBuildPhase;
			buildActionMask = 2147483647;
			files = (
			);
			runOnlyForDeploymentPostprocessing = 0;
		};
/* End PBXFrameworksBuildPhase section */

/* Begin PBXGroup section */
		8E79888229B6B99800AA4DCC = {
			isa = PBXGroup;
			children = (
				8E79888D29B6B99800AA4DCC /* ListQuestion43 */,
				8E79889F29B6B99900AA4DCC /* ListQuestion43Tests */,
				8E7988A929B6B99900AA4DCC /* ListQuestion43UITests */,
				8E79888C29B6B99800AA4DCC /* Products */,
			);
			sourceTree = "<group>";
		};
		8E79888C29B6B99800AA4DCC /* Products */ = {
			isa = PBXGroup;
			children = (
				8E79888B29B6B99800AA4DCC /* ListQuestion43.app */,
				8E79889C29B6B99900AA4DCC /* ListQuestion43Tests.xctest */,
				8E7988A629B6B99900AA4DCC /* ListQuestion43UITests.xctest */,
			);
			name = Products;
			sourceTree = "<group>";
		};
		8E79888D29B6B99800AA4DCC /* ListQuestion43 */ = {
			isa = PBXGroup;
			children = (
				8E79888E29B6B99800AA4DCC /* ListQuestion43App.swift */,
				8E79889029B6B99800AA4DCC /* ContentView.swift */,
				8E79889229B6B99900AA4DCC /* Assets.xcassets */,
				8E79889429B6B99900AA4DCC /* ListQuestion43.entitlements */,
				8E79889529B6B99900AA4DCC /* Preview Content */,
			);
			path = ListQuestion43;
			sourceTree = "<group>";
		};
		8E79889529B6B99900AA4DCC /* Preview Content */ = {
			isa = PBXGroup;
			children = (
				8E79889629B6B99900AA4DCC /* Preview Assets.xcassets */,
			);
			path = "Preview Content";
			sourceTree = "<group>";
		};
		8E79889F29B6B99900AA4DCC /* ListQuestion43Tests */ = {
			isa = PBXGroup;
			children = (
				8E7988A029B6B99900AA4DCC /* ListQuestion43Tests.swift */,
			);
			path = ListQuestion43Tests;
			sourceTree = "<group>";
		};
		8E7988A929B6B99900AA4DCC /* ListQuestion43UITests */ = {
			isa = PBXGroup;
			children = (
				8E7988AA29B6B99900AA4DCC /* ListQuestion43UITests.swift */,
				8E7988AC29B6B99900AA4DCC /* ListQuestion43UITestsLaunchTests.swift */,
			);
			path = ListQuestion43UITests;
			sourceTree = "<group>";
		};
/* End PBXGroup section */

/* Begin PBXNativeTarget section */
		8E79888A29B6B99800AA4DCC /* ListQuestion43 */ = {
			isa = PBXNativeTarget;
			buildConfigurationList = 8E7988B029B6B99900AA4DCC /* Build configuration list for PBXNativeTarget "ListQuestion43" */;
			buildPhases = (
				8E79888729B6B99800AA4DCC /* Sources */,
				8E79888829B6B99800AA4DCC /* Frameworks */,
				8E79888929B6B99800AA4DCC /* Resources */,
			);
			buildRules = (
			);
			dependencies = (
			);
			name = ListQuestion43;
			productName = ListQuestion43;
			productReference = 8E79888B29B6B99800AA4DCC /* ListQuestion43.app */;
			productType = "com.apple.product-type.application";
		};
		8E79889B29B6B99900AA4DCC /* ListQuestion43Tests */ = {
			isa = PBXNativeTarget;
			buildConfigurationList = 8E7988B329B6B99900AA4DCC /* Build configuration list for PBXNativeTarget "ListQuestion43Tests" */;
			buildPhases = (
				8E79889829B6B99900AA4DCC /* Sources */,
				8E79889929B6B99900AA4DCC /* Frameworks */,
				8E79889A29B6B99900AA4DCC /* Resources */,
			);
			buildRules = (
			);
			dependencies = (
				8E79889E29B6B99900AA4DCC /* PBXTargetDependency */,
			);
			name = ListQuestion43Tests;
			productName = ListQuestion43Tests;
			productReference = 8E79889C29B6B99900AA4DCC /* ListQuestion43Tests.xctest */;
			productType = "com.apple.product-type.bundle.unit-test";
		};
		8E7988A529B6B99900AA4DCC /* ListQuestion43UITests */ = {
			isa = PBXNativeTarget;
			buildConfigurationList = 8E7988B629B6B99900AA4DCC /* Build configuration list for PBXNativeTarget "ListQuestion43UITests" */;
			buildPhases = (
				8E7988A229B6B99900AA4DCC /* Sources */,
				8E7988A329B6B99900AA4DCC /* Frameworks */,
				8E7988A429B6B99900AA4DCC /* Resources */,
			);
			buildRules = (
			);
			dependencies = (
				8E7988A829B6B99900AA4DCC /* PBXTargetDependency */,
			);
			name = ListQuestion43UITests;
			productName = ListQuestion43UITests;
			productReference = 8E7988A629B6B99900AA4DCC /* ListQuestion43UITests.xctest */;
			productType = "com.apple.product-type.bundle.ui-testing";
		};
/* End PBXNativeTarget section */

/* Begin PBXProject section */
		8E79888329B6B99800AA4DCC /* Project object */ = {
			isa = PBXProject;
			attributes = {
				BuildIndependentTargetsInParallel = 1;
				LastSwiftUpdateCheck = 1420;
				LastUpgradeCheck = 1420;
				TargetAttributes = {
					8E79888A29B6B99800AA4DCC = {
						CreatedOnToolsVersion = 14.2;
					};
					8E79889B29B6B99900AA4DCC = {
						CreatedOnToolsVersion = 14.2;
						TestTargetID = 8E79888A29B6B99800AA4DCC;
					};
					8E7988A529B6B99900AA4DCC = {
						CreatedOnToolsVersion = 14.2;
						TestTargetID = 8E79888A29B6B99800AA4DCC;
					};
				};
			};
			buildConfigurationList = 8E79888629B6B99800AA4DCC /* Build configuration list for PBXProject "ListQuestion43" */;
			compatibilityVersion = "Xcode 14.0";
			developmentRegion = en;
			hasScannedForEncodings = 0;
			knownRegions = (
				en,
				Base,
			);
			mainGroup = 8E79888229B6B99800AA4DCC;
			productRefGroup = 8E79888C29B6B99800AA4DCC /* Products */;
			projectDirPath = "";
			projectRoot = "";
			targets = (
				8E79888A29B6B99800AA4DCC /* ListQuestion43 */,
				8E79889B29B6B99900AA4DCC /* ListQuestion43Tests */,
				8E7988A529B6B99900AA4DCC /* ListQuestion43UITests */,
			);
		};
/* End PBXProject section */

/* Begin PBXResourcesBuildPhase section */
		8E79888929B6B99800AA4DCC /* Resources */ = {
			isa = PBXResourcesBuildPhase;
			buildActionMask = 2147483647;
			files = (
				8E79889729B6B99900AA4DCC /* Preview Assets.xcassets in Resources */,
				8E79889329B6B99900AA4DCC /* Assets.xcassets in Resources */,
			);
			runOnlyForDeploymentPostprocessing = 0;
		};
		8E79889A29B6B99900AA4DCC /* Resources */ = {
			isa = PBXResourcesBuildPhase;
			buildActionMask = 2147483647;
			files = (
			);
			runOnlyForDeploymentPostprocessing = 0;
		};
		8E7988A429B6B99900AA4DCC /* Resources */ = {
			isa = PBXResourcesBuildPhase;
			buildActionMask = 2147483647;
			files = (
			);
			runOnlyForDeploymentPostprocessing = 0;
		};
/* End PBXResourcesBuildPhase section */

/* Begin PBXSourcesBuildPhase section */
		8E79888729B6B99800AA4DCC /* Sources */ = {
			isa = PBXSourcesBuildPhase;
			buildActionMask = 2147483647;
			files = (
				8E79889129B6B99800AA4DCC /* ContentView.swift in Sources */,
				8E79888F29B6B99800AA4DCC /* ListQuestion43App.swift in Sources */,
			);
			runOnlyForDeploymentPostprocessing = 0;
		};
		8E79889829B6B99900AA4DCC /* Sources */ = {
			isa = PBXSourcesBuildPhase;
			buildActionMask = 2147483647;
			files = (
				8E7988A129B6B99900AA4DCC /* ListQuestion43Tests.swift in Sources */,
			);
			runOnlyForDeploymentPostprocessing = 0;
		};
		8E7988A229B6B99900AA4DCC /* Sources */ = {
			isa = PBXSourcesBuildPhase;
			buildActionMask = 2147483647;
			files = (
				8E7988AB29B6B99900AA4DCC /* ListQuestion43UITests.swift in Sources */,
				8E7988AD29B6B99900AA4DCC /* ListQuestion43UITestsLaunchTests.swift in Sources */,
			);
			runOnlyForDeploymentPostprocessing = 0;
		};
/* End PBXSourcesBuildPhase section */

/* Begin PBXTargetDependency section */
		8E79889E29B6B99900AA4DCC /* PBXTargetDependency */ = {
			isa = PBXTargetDependency;
			target = 8E79888A29B6B99800AA4DCC /* ListQuestion43 */;
			targetProxy = 8E79889D29B6B99900AA4DCC /* PBXContainerItemProxy */;
		};
		8E7988A829B6B99900AA4DCC /* PBXTargetDependency */ = {
			isa = PBXTargetDependency;
			target = 8E79888A29B6B99800AA4DCC /* ListQuestion43 */;
			targetProxy = 8E7988A729B6B99900AA4DCC /* PBXContainerItemProxy */;
		};
/* End PBXTargetDependency section */

/* Begin XCBuildConfiguration section */
		8E7988AE29B6B99900AA4DCC /* Debug */ = {
			isa = XCBuildConfiguration;
			buildSettings = {
				ALWAYS_SEARCH_USER_PATHS = NO;
				CLANG_ANALYZER_NONNULL = YES;
				CLANG_ANALYZER_NUMBER_OBJECT_CONVERSION = YES_AGGRESSIVE;
				CLANG_CXX_LANGUAGE_STANDARD = "gnu++20";
				CLANG_ENABLE_MODULES = YES;
				CLANG_ENABLE_OBJC_ARC = YES;
				CLANG_ENABLE_OBJC_WEAK = YES;
				CLANG_WARN_BLOCK_CAPTURE_AUTORELEASING = YES;
				CLANG_WARN_BOOL_CONVERSION = YES;
				CLANG_WARN_COMMA = YES;
				CLANG_WARN_CONSTANT_CONVERSION = YES;
				CLANG_WARN_DEPRECATED_OBJC_IMPLEMENTATIONS = YES;
				CLANG_WARN_DIRECT_OBJC_ISA_USAGE = YES_ERROR;
				CLANG_WARN_DOCUMENTATION_COMMENTS = YES;
				CLANG_WARN_EMPTY_BODY = YES;
				CLANG_WARN_ENUM_CONVERSION = YES;
				CLANG_WARN_INFINITE_RECURSION = YES;
				CLANG_WARN_INT_CONVERSION = YES;
				CLANG_WARN_NON_LITERAL_NULL_CONVERSION = YES;
				CLANG_WARN_OBJC_IMPLICIT_RETAIN_SELF = YES;
				CLANG_WARN_OBJC_LITERAL_CONVERSION = YES;
				CLANG_WARN_OBJC_ROOT_CLASS = YES_ERROR;
				CLANG_WARN_QUOTED_INCLUDE_IN_FRAMEWORK_HEADER = YES;
				CLANG_WARN_RANGE_LOOP_ANALYSIS = YES;
				CLANG_WARN_STRICT_PROTOTYPES = YES;
				CLANG_WARN_SUSPICIOUS_MOVE = YES;
				CLANG_WARN_UNGUARDED_AVAILABILITY = YES_AGGRESSIVE;
				CLANG_WARN_UNREACHABLE_CODE = YES;
				CLANG_WARN__DUPLICATE_METHOD_MATCH = YES;
				COPY_PHASE_STRIP = NO;
				DEBUG_INFORMATION_FORMAT = dwarf;
				ENABLE_STRICT_OBJC_MSGSEND = YES;
				ENABLE_TESTABILITY = YES;
				GCC_C_LANGUAGE_STANDARD = gnu11;
				GCC_DYNAMIC_NO_PIC = NO;
				GCC_NO_COMMON_BLOCKS = YES;
				GCC_OPTIMIZATION_LEVEL = 0;
				GCC_PREPROCESSOR_DEFINITIONS = (
					"DEBUG=1",
					"$(inherited)",
				);
				GCC_WARN_64_TO_32_BIT_CONVERSION = YES;
				GCC_WARN_ABOUT_RETURN_TYPE = YES_ERROR;
				GCC_WARN_UNDECLARED_SELECTOR = YES;
				GCC_WARN_UNINITIALIZED_AUTOS = YES_AGGRESSIVE;
				GCC_WARN_UNUSED_FUNCTION = YES;
				GCC_WARN_UNUSED_VARIABLE = YES;
				MTL_ENABLE_DEBUG_INFO = INCLUDE_SOURCE;
				MTL_FAST_MATH = YES;
				ONLY_ACTIVE_ARCH = YES;
				SWIFT_ACTIVE_COMPILATION_CONDITIONS = DEBUG;
				SWIFT_OPTIMIZATION_LEVEL = "-Onone";
			};
			name = Debug;
		};
		8E7988AF29B6B99900AA4DCC /* Release */ = {
			isa = XCBuildConfiguration;
			buildSettings = {
				ALWAYS_SEARCH_USER_PATHS = NO;
				CLANG_ANALYZER_NONNULL = YES;
				CLANG_ANALYZER_NUMBER_OBJECT_CONVERSION = YES_AGGRESSIVE;
				CLANG_CXX_LANGUAGE_STANDARD = "gnu++20";
				CLANG_ENABLE_MODULES = YES;
				CLANG_ENABLE_OBJC_ARC = YES;
				CLANG_ENABLE_OBJC_WEAK = YES;
				CLANG_WARN_BLOCK_CAPTURE_AUTORELEASING = YES;
				CLANG_WARN_BOOL_CONVERSION = YES;
				CLANG_WARN_COMMA = YES;
				CLANG_WARN_CONSTANT_CONVERSION = YES;
				CLANG_WARN_DEPRECATED_OBJC_IMPLEMENTATIONS = YES;
				CLANG_WARN_DIRECT_OBJC_ISA_USAGE = YES_ERROR;
				CLANG_WARN_DOCUMENTATION_COMMENTS = YES;
				CLANG_WARN_EMPTY_BODY = YES;
				CLANG_WARN_ENUM_CONVERSION = YES;
				CLANG_WARN_INFINITE_RECURSION = YES;
				CLANG_WARN_INT_CONVERSION = YES;
				CLANG_WARN_NON_LITERAL_NULL_CONVERSION = YES;
				CLANG_WARN_OBJC_IMPLICIT_RETAIN_SELF = YES;
				CLANG_WARN_OBJC_LITERAL_CONVERSION = YES;
				CLANG_WARN_OBJC_ROOT_CLASS = YES_ERROR;
				CLANG_WARN_QUOTED_INCLUDE_IN_FRAMEWORK_HEADER = YES;
				CLANG_WARN_RANGE_LOOP_ANALYSIS = YES;
				CLANG_WARN_STRICT_PROTOTYPES = YES;
				CLANG_WARN_SUSPICIOUS_MOVE = YES;
				CLANG_WARN_UNGUARDED_AVAILABILITY = YES_AGGRESSIVE;
				CLANG_WARN_UNREACHABLE_CODE = YES;
				CLANG_WARN__DUPLICATE_METHOD_MATCH = YES;
				COPY_PHASE_STRIP = NO;
				DEBUG_INFORMATION_FORMAT = "dwarf-with-dsym";
				ENABLE_NS_ASSERTIONS = NO;
				ENABLE_STRICT_OBJC_MSGSEND = YES;
				GCC_C_LANGUAGE_STANDARD = gnu11;
				GCC_NO_COMMON_BLOCKS = YES;
				GCC_WARN_64_TO_32_BIT_CONVERSION = YES;
				GCC_WARN_ABOUT_RETURN_TYPE = YES_ERROR;
				GCC_WARN_UNDECLARED_SELECTOR = YES;
				GCC_WARN_UNINITIALIZED_AUTOS = YES_AGGRESSIVE;
				GCC_WARN_UNUSED_FUNCTION = YES;
				GCC_WARN_UNUSED_VARIABLE = YES;
				MTL_ENABLE_DEBUG_INFO = NO;
				MTL_FAST_MATH = YES;
				SWIFT_COMPILATION_MODE = wholemodule;
				SWIFT_OPTIMIZATION_LEVEL = "-O";
			};
			name = Release;
		};
		8E7988B129B6B99900AA4DCC /* Debug */ = {
			isa = XCBuildConfiguration;
			buildSettings = {
				ASSETCATALOG_COMPILER_APPICON_NAME = AppIcon;
				ASSETCATALOG_COMPILER_GLOBAL_ACCENT_COLOR_NAME = AccentColor;
				CODE_SIGN_ENTITLEMENTS = ListQuestion43/ListQuestion43.entitlements;
				CODE_SIGN_STYLE = Automatic;
				CURRENT_PROJECT_VERSION = 1;
				DEVELOPMENT_ASSET_PATHS = "\"ListQuestion43/Preview Content\"";
				ENABLE_PREVIEWS = YES;
				GENERATE_INFOPLIST_FILE = YES;
				"INFOPLIST_KEY_UIApplicationSceneManifest_Generation[sdk=iphoneos*]" = YES;
				"INFOPLIST_KEY_UIApplicationSceneManifest_Generation[sdk=iphonesimulator*]" = YES;
				"INFOPLIST_KEY_UIApplicationSupportsIndirectInputEvents[sdk=iphoneos*]" = YES;
				"INFOPLIST_KEY_UIApplicationSupportsIndirectInputEvents[sdk=iphonesimulator*]" = YES;
				"INFOPLIST_KEY_UILaunchScreen_Generation[sdk=iphoneos*]" = YES;
				"INFOPLIST_KEY_UILaunchScreen_Generation[sdk=iphonesimulator*]" = YES;
				"INFOPLIST_KEY_UIStatusBarStyle[sdk=iphoneos*]" = UIStatusBarStyleDefault;
				"INFOPLIST_KEY_UIStatusBarStyle[sdk=iphonesimulator*]" = UIStatusBarStyleDefault;
				INFOPLIST_KEY_UISupportedInterfaceOrientations_iPad = "UIInterfaceOrientationPortrait UIInterfaceOrientationPortraitUpsideDown UIInterfaceOrientationLandscapeLeft UIInterfaceOrientationLandscapeRight";
				INFOPLIST_KEY_UISupportedInterfaceOrientations_iPhone = "UIInterfaceOrientationPortrait UIInterfaceOrientationLandscapeLeft UIInterfaceOrientationLandscapeRight";
				IPHONEOS_DEPLOYMENT_TARGET = 16.2;
				LD_RUNPATH_SEARCH_PATHS = "@executable_path/Frameworks";
				"LD_RUNPATH_SEARCH_PATHS[sdk=macosx*]" = "@executable_path/../Frameworks";
				MACOSX_DEPLOYMENT_TARGET = 13.0;
				MARKETING_VERSION = 1.0;
				PRODUCT_BUNDLE_IDENTIFIER = "ca.camosun.ics21-064.ListQuestion43";
				PRODUCT_NAME = "$(TARGET_NAME)";
				SDKROOT = auto;
				SUPPORTED_PLATFORMS = "iphoneos iphonesimulator macosx";
				SWIFT_EMIT_LOC_STRINGS = YES;
				SWIFT_VERSION = 5.0;
				TARGETED_DEVICE_FAMILY = "1,2";
			};
			name = Debug;
		};
		8E7988B229B6B99900AA4DCC /* Release */ = {
			isa = XCBuildConfiguration;
			buildSettings = {
				ASSETCATALOG_COMPILER_APPICON_NAME = AppIcon;
				ASSETCATALOG_COMPILER_GLOBAL_ACCENT_COLOR_NAME = AccentColor;
				CODE_SIGN_ENTITLEMENTS = ListQuestion43/ListQuestion43.entitlements;
				CODE_SIGN_STYLE = Automatic;
				CURRENT_PROJECT_VERSION = 1;
				DEVELOPMENT_ASSET_PATHS = "\"ListQuestion43/Preview Content\"";
				ENABLE_PREVIEWS = YES;
				GENERATE_INFOPLIST_FILE = YES;
				"INFOPLIST_KEY_UIApplicationSceneManifest_Generation[sdk=iphoneos*]" = YES;
				"INFOPLIST_KEY_UIApplicationSceneManifest_Generation[sdk=iphonesimulator*]" = YES;
				"INFOPLIST_KEY_UIApplicationSupportsIndirectInputEvents[sdk=iphoneos*]" = YES;
				"INFOPLIST_KEY_UIApplicationSupportsIndirectInputEvents[sdk=iphonesimulator*]" = YES;
				"INFOPLIST_KEY_UILaunchScreen_Generation[sdk=iphoneos*]" = YES;
				"INFOPLIST_KEY_UILaunchScreen_Generation[sdk=iphonesimulator*]" = YES;
				"INFOPLIST_KEY_UIStatusBarStyle[sdk=iphoneos*]" = UIStatusBarStyleDefault;
				"INFOPLIST_KEY_UIStatusBarStyle[sdk=iphonesimulator*]" = UIStatusBarStyleDefault;
				INFOPLIST_KEY_UISupportedInterfaceOrientations_iPad = "UIInterfaceOrientationPortrait UIInterfaceOrientationPortraitUpsideDown UIInterfaceOrientationLandscapeLeft UIInterfaceOrientationLandscapeRight";
				INFOPLIST_KEY_UISupportedInterfaceOrientations_iPhone = "UIInterfaceOrientationPortrait UIInterfaceOrientationLandscapeLeft UIInterfaceOrientationLandscapeRight";
				IPHONEOS_DEPLOYMENT_TARGET = 16.2;
				LD_RUNPATH_SEARCH_PATHS = "@executable_path/Frameworks";
				"LD_RUNPATH_SEARCH_PATHS[sdk=macosx*]" = "@executable_path/../Frameworks";
				MACOSX_DEPLOYMENT_TARGET = 13.0;
				MARKETING_VERSION = 1.0;
				PRODUCT_BUNDLE_IDENTIFIER = "ca.camosun.ics21-064.ListQuestion43";
				PRODUCT_NAME = "$(TARGET_NAME)";
				SDKROOT = auto;
				SUPPORTED_PLATFORMS = "iphoneos iphonesimulator macosx";
				SWIFT_EMIT_LOC_STRINGS = YES;
				SWIFT_VERSION = 5.0;
				TARGETED_DEVICE_FAMILY = "1,2";
			};
			name = Release;
		};
		8E7988B429B6B99900AA4DCC /* Debug */ = {
			isa = XCBuildConfiguration;
			buildSettings = {
				ALWAYS_EMBED_SWIFT_STANDARD_LIBRARIES = YES;
				BUNDLE_LOADER = "$(TEST_HOST)";
				CODE_SIGN_STYLE = Automatic;
				CURRENT_PROJECT_VERSION = 1;
				GENERATE_INFOPLIST_FILE = YES;
				IPHONEOS_DEPLOYMENT_TARGET = 16.2;
				MACOSX_DEPLOYMENT_TARGET = 13.0;
				MARKETING_VERSION = 1.0;
				PRODUCT_BUNDLE_IDENTIFIER = "ca.camosun.ics21-064.ListQuestion43Tests";
				PRODUCT_NAME = "$(TARGET_NAME)";
				SDKROOT = auto;
				SUPPORTED_PLATFORMS = "iphoneos iphonesimulator macosx";
				SWIFT_EMIT_LOC_STRINGS = NO;
				SWIFT_VERSION = 5.0;
				TARGETED_DEVICE_FAMILY = "1,2";
				TEST_HOST = "$(BUILT_PRODUCTS_DIR)/ListQuestion43.app/$(BUNDLE_EXECUTABLE_FOLDER_PATH)/ListQuestion43";
			};
			name = Debug;
		};
		8E7988B529B6B99900AA4DCC /* Release */ = {
			isa = XCBuildConfiguration;
			buildSettings = {
				ALWAYS_EMBED_SWIFT_STANDARD_LIBRARIES = YES;
				BUNDLE_LOADER = "$(TEST_HOST)";
				CODE_SIGN_STYLE = Automatic;
				CURRENT_PROJECT_VERSION = 1;
				GENERATE_INFOPLIST_FILE = YES;
				IPHONEOS_DEPLOYMENT_TARGET = 16.2;
				MACOSX_DEPLOYMENT_TARGET = 13.0;
				MARKETING_VERSION = 1.0;
				PRODUCT_BUNDLE_IDENTIFIER = "ca.camosun.ics21-064.ListQuestion43Tests";
				PRODUCT_NAME = "$(TARGET_NAME)";
				SDKROOT = auto;
				SUPPORTED_PLATFORMS = "iphoneos iphonesimulator macosx";
				SWIFT_EMIT_LOC_STRINGS = NO;
				SWIFT_VERSION = 5.0;
				TARGETED_DEVICE_FAMILY = "1,2";
				TEST_HOST = "$(BUILT_PRODUCTS_DIR)/ListQuestion43.app/$(BUNDLE_EXECUTABLE_FOLDER_PATH)/ListQuestion43";
			};
			name = Release;
		};
		8E7988B729B6B99900AA4DCC /* Debug */ = {
			isa = XCBuildConfiguration;
			buildSettings = {
				ALWAYS_EMBED_SWIFT_STANDARD_LIBRARIES = YES;
				CODE_SIGN_STYLE = Automatic;
				CURRENT_PROJECT_VERSION = 1;
				GENERATE_INFOPLIST_FILE = YES;
				IPHONEOS_DEPLOYMENT_TARGET = 16.2;
				MACOSX_DEPLOYMENT_TARGET = 13.0;
				MARKETING_VERSION = 1.0;
				PRODUCT_BUNDLE_IDENTIFIER = "ca.camosun.ics21-064.ListQuestion43UITests";
				PRODUCT_NAME = "$(TARGET_NAME)";
				SDKROOT = auto;
				SUPPORTED_PLATFORMS = "iphoneos iphonesimulator macosx";
				SWIFT_EMIT_LOC_STRINGS = NO;
				SWIFT_VERSION = 5.0;
				TARGETED_DEVICE_FAMILY = "1,2";
				TEST_TARGET_NAME = ListQuestion43;
			};
			name = Debug;
		};
		8E7988B829B6B99900AA4DCC /* Release */ = {
			isa = XCBuildConfiguration;
			buildSettings = {
				ALWAYS_EMBED_SWIFT_STANDARD_LIBRARIES = YES;
				CODE_SIGN_STYLE = Automatic;
				CURRENT_PROJECT_VERSION = 1;
				GENERATE_INFOPLIST_FILE = YES;
				IPHONEOS_DEPLOYMENT_TARGET = 16.2;
				MACOSX_DEPLOYMENT_TARGET = 13.0;
				MARKETING_VERSION = 1.0;
				PRODUCT_BUNDLE_IDENTIFIER = "ca.camosun.ics21-064.ListQuestion43UITests";
				PRODUCT_NAME = "$(TARGET_NAME)";
				SDKROOT = auto;
				SUPPORTED_PLATFORMS = "iphoneos iphonesimulator macosx";
				SWIFT_EMIT_LOC_STRINGS = NO;
				SWIFT_VERSION = 5.0;
				TARGETED_DEVICE_FAMILY = "1,2";
				TEST_TARGET_NAME = ListQuestion43;
			};
			name = Release;
		};
/* End XCBuildConfiguration section */

/* Begin XCConfigurationList section */
		8E79888629B6B99800AA4DCC /* Build configuration list for PBXProject "ListQuestion43" */ = {
			isa = XCConfigurationList;
			buildConfigurations = (
				8E7988AE29B6B99900AA4DCC /* Debug */,
				8E7988AF29B6B99900AA4DCC /* Release */,
			);
			defaultConfigurationIsVisible = 0;
			defaultConfigurationName = Release;
		};
		8E7988B029B6B99900AA4DCC /* Build configuration list for PBXNativeTarget "ListQuestion43" */ = {
			isa = XCConfigurationList;
			buildConfigurations = (
				8E7988B129B6B99900AA4DCC /* Debug */,
				8E7988B229B6B99900AA4DCC /* Release */,
			);
			defaultConfigurationIsVisible = 0;
			defaultConfigurationName = Release;
		};
		8E7988B329B6B99900AA4DCC /* Build configuration list for PBXNativeTarget "ListQuestion43Tests" */ = {
			isa = XCConfigurationList;
			buildConfigurations = (
				8E7988B429B6B99900AA4DCC /* Debug */,
				8E7988B529B6B99900AA4DCC /* Release */,
			);
			defaultConfigurationIsVisible = 0;
			defaultConfigurationName = Release;
		};
		8E7988B629B6B99900AA4DCC /* Build configuration list for PBXNativeTarget "ListQuestion43UITests" */ = {
			isa = XCConfigurationList;
			buildConfigurations = (
				8E7988B729B6B99900AA4DCC /* Debug */,
				8E7988B829B6B99900AA4DCC /* Release */,
			);
			defaultConfigurationIsVisible = 0;
			defaultConfigurationName = Release;
		};
/* End XCConfigurationList section */
	};
	rootObject = 8E79888329B6B99800AA4DCC /* Project object */;
}
