// !$*UTF8*$!
{
	archiveVersion = 1;
	classes = {
	};
	objectVersion = 56;
	objects = {

/* Begin PBXBuildFile section */
		8E56F70929B405C40059A24B /* LoadQuestion48App.swift in Sources */ = {isa = PBXBuildFile; fileRef = 8E56F70829B405C40059A24B /* LoadQuestion48App.swift */; };
		8E56F70B29B405C40059A24B /* ContentView.swift in Sources */ = {isa = PBXBuildFile; fileRef = 8E56F70A29B405C40059A24B /* ContentView.swift */; };
		8E56F70D29B405C50059A24B /* Assets.xcassets in Resources */ = {isa = PBXBuildFile; fileRef = 8E56F70C29B405C50059A24B /* Assets.xcassets */; };
		8E56F71129B405C50059A24B /* Preview Assets.xcassets in Resources */ = {isa = PBXBuildFile; fileRef = 8E56F71029B405C50059A24B /* Preview Assets.xcassets */; };
		8E56F71B29B405C50059A24B /* LoadQuestion48Tests.swift in Sources */ = {isa = PBXBuildFile; fileRef = 8E56F71A29B405C50059A24B /* LoadQuestion48Tests.swift */; };
		8E56F72529B405C50059A24B /* LoadQuestion48UITests.swift in Sources */ = {isa = PBXBuildFile; fileRef = 8E56F72429B405C50059A24B /* LoadQuestion48UITests.swift */; };
		8E56F72729B405C50059A24B /* LoadQuestion48UITestsLaunchTests.swift in Sources */ = {isa = PBXBuildFile; fileRef = 8E56F72629B405C50059A24B /* LoadQuestion48UITestsLaunchTests.swift */; };
/* End PBXBuildFile section */

/* Begin PBXContainerItemProxy section */
		8E56F71729B405C50059A24B /* PBXContainerItemProxy */ = {
			isa = PBXContainerItemProxy;
			containerPortal = 8E56F6FD29B405C40059A24B /* Project object */;
			proxyType = 1;
			remoteGlobalIDString = 8E56F70429B405C40059A24B;
			remoteInfo = LoadQuestion48;
		};
		8E56F72129B405C50059A24B /* PBXContainerItemProxy */ = {
			isa = PBXContainerItemProxy;
			containerPortal = 8E56F6FD29B405C40059A24B /* Project object */;
			proxyType = 1;
			remoteGlobalIDString = 8E56F70429B405C40059A24B;
			remoteInfo = LoadQuestion48;
		};
/* End PBXContainerItemProxy section */

/* Begin PBXFileReference section */
		8E56F70529B405C40059A24B /* LoadQuestion48.app */ = {isa = PBXFileReference; explicitFileType = wrapper.application; includeInIndex = 0; path = LoadQuestion48.app; sourceTree = BUILT_PRODUCTS_DIR; };
		8E56F70829B405C40059A24B /* LoadQuestion48App.swift */ = {isa = PBXFileReference; lastKnownFileType = sourcecode.swift; path = LoadQuestion48App.swift; sourceTree = "<group>"; };
		8E56F70A29B405C40059A24B /* ContentView.swift */ = {isa = PBXFileReference; lastKnownFileType = sourcecode.swift; path = ContentView.swift; sourceTree = "<group>"; };
		8E56F70C29B405C50059A24B /* Assets.xcassets */ = {isa = PBXFileReference; lastKnownFileType = folder.assetcatalog; path = Assets.xcassets; sourceTree = "<group>"; };
		8E56F70E29B405C50059A24B /* LoadQuestion48.entitlements */ = {isa = PBXFileReference; lastKnownFileType = text.plist.entitlements; path = LoadQuestion48.entitlements; sourceTree = "<group>"; };
		8E56F71029B405C50059A24B /* Preview Assets.xcassets */ = {isa = PBXFileReference; lastKnownFileType = folder.assetcatalog; path = "Preview Assets.xcassets"; sourceTree = "<group>"; };
		8E56F71629B405C50059A24B /* LoadQuestion48Tests.xctest */ = {isa = PBXFileReference; explicitFileType = wrapper.cfbundle; includeInIndex = 0; path = LoadQuestion48Tests.xctest; sourceTree = BUILT_PRODUCTS_DIR; };
		8E56F71A29B405C50059A24B /* LoadQuestion48Tests.swift */ = {isa = PBXFileReference; lastKnownFileType = sourcecode.swift; path = LoadQuestion48Tests.swift; sourceTree = "<group>"; };
		8E56F72029B405C50059A24B /* LoadQuestion48UITests.xctest */ = {isa = PBXFileReference; explicitFileType = wrapper.cfbundle; includeInIndex = 0; path = LoadQuestion48UITests.xctest; sourceTree = BUILT_PRODUCTS_DIR; };
		8E56F72429B405C50059A24B /* LoadQuestion48UITests.swift */ = {isa = PBXFileReference; lastKnownFileType = sourcecode.swift; path = LoadQuestion48UITests.swift; sourceTree = "<group>"; };
		8E56F72629B405C50059A24B /* LoadQuestion48UITestsLaunchTests.swift */ = {isa = PBXFileReference; lastKnownFileType = sourcecode.swift; path = LoadQuestion48UITestsLaunchTests.swift; sourceTree = "<group>"; };
/* End PBXFileReference section */

/* Begin PBXFrameworksBuildPhase section */
		8E56F70229B405C40059A24B /* Frameworks */ = {
			isa = PBXFrameworksBuildPhase;
			buildActionMask = 2147483647;
			files = (
			);
			runOnlyForDeploymentPostprocessing = 0;
		};
		8E56F71329B405C50059A24B /* Frameworks */ = {
			isa = PBXFrameworksBuildPhase;
			buildActionMask = 2147483647;
			files = (
			);
			runOnlyForDeploymentPostprocessing = 0;
		};
		8E56F71D29B405C50059A24B /* Frameworks */ = {
			isa = PBXFrameworksBuildPhase;
			buildActionMask = 2147483647;
			files = (
			);
			runOnlyForDeploymentPostprocessing = 0;
		};
/* End PBXFrameworksBuildPhase section */

/* Begin PBXGroup section */
		8E56F6FC29B405C40059A24B = {
			isa = PBXGroup;
			children = (
				8E56F70729B405C40059A24B /* LoadQuestion48 */,
				8E56F71929B405C50059A24B /* LoadQuestion48Tests */,
				8E56F72329B405C50059A24B /* LoadQuestion48UITests */,
				8E56F70629B405C40059A24B /* Products */,
			);
			sourceTree = "<group>";
		};
		8E56F70629B405C40059A24B /* Products */ = {
			isa = PBXGroup;
			children = (
				8E56F70529B405C40059A24B /* LoadQuestion48.app */,
				8E56F71629B405C50059A24B /* LoadQuestion48Tests.xctest */,
				8E56F72029B405C50059A24B /* LoadQuestion48UITests.xctest */,
			);
			name = Products;
			sourceTree = "<group>";
		};
		8E56F70729B405C40059A24B /* LoadQuestion48 */ = {
			isa = PBXGroup;
			children = (
				8E56F70829B405C40059A24B /* LoadQuestion48App.swift */,
				8E56F70A29B405C40059A24B /* ContentView.swift */,
				8E56F70C29B405C50059A24B /* Assets.xcassets */,
				8E56F70E29B405C50059A24B /* LoadQuestion48.entitlements */,
				8E56F70F29B405C50059A24B /* Preview Content */,
			);
			path = LoadQuestion48;
			sourceTree = "<group>";
		};
		8E56F70F29B405C50059A24B /* Preview Content */ = {
			isa = PBXGroup;
			children = (
				8E56F71029B405C50059A24B /* Preview Assets.xcassets */,
			);
			path = "Preview Content";
			sourceTree = "<group>";
		};
		8E56F71929B405C50059A24B /* LoadQuestion48Tests */ = {
			isa = PBXGroup;
			children = (
				8E56F71A29B405C50059A24B /* LoadQuestion48Tests.swift */,
			);
			path = LoadQuestion48Tests;
			sourceTree = "<group>";
		};
		8E56F72329B405C50059A24B /* LoadQuestion48UITests */ = {
			isa = PBXGroup;
			children = (
				8E56F72429B405C50059A24B /* LoadQuestion48UITests.swift */,
				8E56F72629B405C50059A24B /* LoadQuestion48UITestsLaunchTests.swift */,
			);
			path = LoadQuestion48UITests;
			sourceTree = "<group>";
		};
/* End PBXGroup section */

/* Begin PBXNativeTarget section */
		8E56F70429B405C40059A24B /* LoadQuestion48 */ = {
			isa = PBXNativeTarget;
			buildConfigurationList = 8E56F72A29B405C50059A24B /* Build configuration list for PBXNativeTarget "LoadQuestion48" */;
			buildPhases = (
				8E56F70129B405C40059A24B /* Sources */,
				8E56F70229B405C40059A24B /* Frameworks */,
				8E56F70329B405C40059A24B /* Resources */,
			);
			buildRules = (
			);
			dependencies = (
			);
			name = LoadQuestion48;
			productName = LoadQuestion48;
			productReference = 8E56F70529B405C40059A24B /* LoadQuestion48.app */;
			productType = "com.apple.product-type.application";
		};
		8E56F71529B405C50059A24B /* LoadQuestion48Tests */ = {
			isa = PBXNativeTarget;
			buildConfigurationList = 8E56F72D29B405C50059A24B /* Build configuration list for PBXNativeTarget "LoadQuestion48Tests" */;
			buildPhases = (
				8E56F71229B405C50059A24B /* Sources */,
				8E56F71329B405C50059A24B /* Frameworks */,
				8E56F71429B405C50059A24B /* Resources */,
			);
			buildRules = (
			);
			dependencies = (
				8E56F71829B405C50059A24B /* PBXTargetDependency */,
			);
			name = LoadQuestion48Tests;
			productName = LoadQuestion48Tests;
			productReference = 8E56F71629B405C50059A24B /* LoadQuestion48Tests.xctest */;
			productType = "com.apple.product-type.bundle.unit-test";
		};
		8E56F71F29B405C50059A24B /* LoadQuestion48UITests */ = {
			isa = PBXNativeTarget;
			buildConfigurationList = 8E56F73029B405C50059A24B /* Build configuration list for PBXNativeTarget "LoadQuestion48UITests" */;
			buildPhases = (
				8E56F71C29B405C50059A24B /* Sources */,
				8E56F71D29B405C50059A24B /* Frameworks */,
				8E56F71E29B405C50059A24B /* Resources */,
			);
			buildRules = (
			);
			dependencies = (
				8E56F72229B405C50059A24B /* PBXTargetDependency */,
			);
			name = LoadQuestion48UITests;
			productName = LoadQuestion48UITests;
			productReference = 8E56F72029B405C50059A24B /* LoadQuestion48UITests.xctest */;
			productType = "com.apple.product-type.bundle.ui-testing";
		};
/* End PBXNativeTarget section */

/* Begin PBXProject section */
		8E56F6FD29B405C40059A24B /* Project object */ = {
			isa = PBXProject;
			attributes = {
				BuildIndependentTargetsInParallel = 1;
				LastSwiftUpdateCheck = 1420;
				LastUpgradeCheck = 1420;
				TargetAttributes = {
					8E56F70429B405C40059A24B = {
						CreatedOnToolsVersion = 14.2;
					};
					8E56F71529B405C50059A24B = {
						CreatedOnToolsVersion = 14.2;
						TestTargetID = 8E56F70429B405C40059A24B;
					};
					8E56F71F29B405C50059A24B = {
						CreatedOnToolsVersion = 14.2;
						TestTargetID = 8E56F70429B405C40059A24B;
					};
				};
			};
			buildConfigurationList = 8E56F70029B405C40059A24B /* Build configuration list for PBXProject "LoadQuestion48" */;
			compatibilityVersion = "Xcode 14.0";
			developmentRegion = en;
			hasScannedForEncodings = 0;
			knownRegions = (
				en,
				Base,
			);
			mainGroup = 8E56F6FC29B405C40059A24B;
			productRefGroup = 8E56F70629B405C40059A24B /* Products */;
			projectDirPath = "";
			projectRoot = "";
			targets = (
				8E56F70429B405C40059A24B /* LoadQuestion48 */,
				8E56F71529B405C50059A24B /* LoadQuestion48Tests */,
				8E56F71F29B405C50059A24B /* LoadQuestion48UITests */,
			);
		};
/* End PBXProject section */

/* Begin PBXResourcesBuildPhase section */
		8E56F70329B405C40059A24B /* Resources */ = {
			isa = PBXResourcesBuildPhase;
			buildActionMask = 2147483647;
			files = (
				8E56F71129B405C50059A24B /* Preview Assets.xcassets in Resources */,
				8E56F70D29B405C50059A24B /* Assets.xcassets in Resources */,
			);
			runOnlyForDeploymentPostprocessing = 0;
		};
		8E56F71429B405C50059A24B /* Resources */ = {
			isa = PBXResourcesBuildPhase;
			buildActionMask = 2147483647;
			files = (
			);
			runOnlyForDeploymentPostprocessing = 0;
		};
		8E56F71E29B405C50059A24B /* Resources */ = {
			isa = PBXResourcesBuildPhase;
			buildActionMask = 2147483647;
			files = (
			);
			runOnlyForDeploymentPostprocessing = 0;
		};
/* End PBXResourcesBuildPhase section */

/* Begin PBXSourcesBuildPhase section */
		8E56F70129B405C40059A24B /* Sources */ = {
			isa = PBXSourcesBuildPhase;
			buildActionMask = 2147483647;
			files = (
				8E56F70B29B405C40059A24B /* ContentView.swift in Sources */,
				8E56F70929B405C40059A24B /* LoadQuestion48App.swift in Sources */,
			);
			runOnlyForDeploymentPostprocessing = 0;
		};
		8E56F71229B405C50059A24B /* Sources */ = {
			isa = PBXSourcesBuildPhase;
			buildActionMask = 2147483647;
			files = (
				8E56F71B29B405C50059A24B /* LoadQuestion48Tests.swift in Sources */,
			);
			runOnlyForDeploymentPostprocessing = 0;
		};
		8E56F71C29B405C50059A24B /* Sources */ = {
			isa = PBXSourcesBuildPhase;
			buildActionMask = 2147483647;
			files = (
				8E56F72729B405C50059A24B /* LoadQuestion48UITestsLaunchTests.swift in Sources */,
				8E56F72529B405C50059A24B /* LoadQuestion48UITests.swift in Sources */,
			);
			runOnlyForDeploymentPostprocessing = 0;
		};
/* End PBXSourcesBuildPhase section */

/* Begin PBXTargetDependency section */
		8E56F71829B405C50059A24B /* PBXTargetDependency */ = {
			isa = PBXTargetDependency;
			target = 8E56F70429B405C40059A24B /* LoadQuestion48 */;
			targetProxy = 8E56F71729B405C50059A24B /* PBXContainerItemProxy */;
		};
		8E56F72229B405C50059A24B /* PBXTargetDependency */ = {
			isa = PBXTargetDependency;
			target = 8E56F70429B405C40059A24B /* LoadQuestion48 */;
			targetProxy = 8E56F72129B405C50059A24B /* PBXContainerItemProxy */;
		};
/* End PBXTargetDependency section */

/* Begin XCBuildConfiguration section */
		8E56F72829B405C50059A24B /* Debug */ = {
			isa = XCBuildConfiguration;
			buildSettings = {
				ALWAYS_SEARCH_USER_PATHS = NO;
				CLANG_ANALYZER_NONNULL = YES;
				CLANG_ANALYZER_NUMBER_OBJECT_CONVERSION = YES_AGGRESSIVE;
				CLANG_CXX_LANGUAGE_STANDARD = "gnu++20";
				CLANG_ENABLE_MODULES = YES;
				CLANG_ENABLE_OBJC_ARC = YES;
				CLANG_ENABLE_OBJC_WEAK = YES;
				CLANG_WARN_BLOCK_CAPTURE_AUTORELEASING = YES;
				CLANG_WARN_BOOL_CONVERSION = YES;
				CLANG_WARN_COMMA = YES;
				CLANG_WARN_CONSTANT_CONVERSION = YES;
				CLANG_WARN_DEPRECATED_OBJC_IMPLEMENTATIONS = YES;
				CLANG_WARN_DIRECT_OBJC_ISA_USAGE = YES_ERROR;
				CLANG_WARN_DOCUMENTATION_COMMENTS = YES;
				CLANG_WARN_EMPTY_BODY = YES;
				CLANG_WARN_ENUM_CONVERSION = YES;
				CLANG_WARN_INFINITE_RECURSION = YES;
				CLANG_WARN_INT_CONVERSION = YES;
				CLANG_WARN_NON_LITERAL_NULL_CONVERSION = YES;
				CLANG_WARN_OBJC_IMPLICIT_RETAIN_SELF = YES;
				CLANG_WARN_OBJC_LITERAL_CONVERSION = YES;
				CLANG_WARN_OBJC_ROOT_CLASS = YES_ERROR;
				CLANG_WARN_QUOTED_INCLUDE_IN_FRAMEWORK_HEADER = YES;
				CLANG_WARN_RANGE_LOOP_ANALYSIS = YES;
				CLANG_WARN_STRICT_PROTOTYPES = YES;
				CLANG_WARN_SUSPICIOUS_MOVE = YES;
				CLANG_WARN_UNGUARDED_AVAILABILITY = YES_AGGRESSIVE;
				CLANG_WARN_UNREACHABLE_CODE = YES;
				CLANG_WARN__DUPLICATE_METHOD_MATCH = YES;
				COPY_PHASE_STRIP = NO;
				DEBUG_INFORMATION_FORMAT = dwarf;
				ENABLE_STRICT_OBJC_MSGSEND = YES;
				ENABLE_TESTABILITY = YES;
				GCC_C_LANGUAGE_STANDARD = gnu11;
				GCC_DYNAMIC_NO_PIC = NO;
				GCC_NO_COMMON_BLOCKS = YES;
				GCC_OPTIMIZATION_LEVEL = 0;
				GCC_PREPROCESSOR_DEFINITIONS = (
					"DEBUG=1",
					"$(inherited)",
				);
				GCC_WARN_64_TO_32_BIT_CONVERSION = YES;
				GCC_WARN_ABOUT_RETURN_TYPE = YES_ERROR;
				GCC_WARN_UNDECLARED_SELECTOR = YES;
				GCC_WARN_UNINITIALIZED_AUTOS = YES_AGGRESSIVE;
				GCC_WARN_UNUSED_FUNCTION = YES;
				GCC_WARN_UNUSED_VARIABLE = YES;
				MTL_ENABLE_DEBUG_INFO = INCLUDE_SOURCE;
				MTL_FAST_MATH = YES;
				ONLY_ACTIVE_ARCH = YES;
				SWIFT_ACTIVE_COMPILATION_CONDITIONS = DEBUG;
				SWIFT_OPTIMIZATION_LEVEL = "-Onone";
			};
			name = Debug;
		};
		8E56F72929B405C50059A24B /* Release */ = {
			isa = XCBuildConfiguration;
			buildSettings = {
				ALWAYS_SEARCH_USER_PATHS = NO;
				CLANG_ANALYZER_NONNULL = YES;
				CLANG_ANALYZER_NUMBER_OBJECT_CONVERSION = YES_AGGRESSIVE;
				CLANG_CXX_LANGUAGE_STANDARD = "gnu++20";
				CLANG_ENABLE_MODULES = YES;
				CLANG_ENABLE_OBJC_ARC = YES;
				CLANG_ENABLE_OBJC_WEAK = YES;
				CLANG_WARN_BLOCK_CAPTURE_AUTORELEASING = YES;
				CLANG_WARN_BOOL_CONVERSION = YES;
				CLANG_WARN_COMMA = YES;
				CLANG_WARN_CONSTANT_CONVERSION = YES;
				CLANG_WARN_DEPRECATED_OBJC_IMPLEMENTATIONS = YES;
				CLANG_WARN_DIRECT_OBJC_ISA_USAGE = YES_ERROR;
				CLANG_WARN_DOCUMENTATION_COMMENTS = YES;
				CLANG_WARN_EMPTY_BODY = YES;
				CLANG_WARN_ENUM_CONVERSION = YES;
				CLANG_WARN_INFINITE_RECURSION = YES;
				CLANG_WARN_INT_CONVERSION = YES;
				CLANG_WARN_NON_LITERAL_NULL_CONVERSION = YES;
				CLANG_WARN_OBJC_IMPLICIT_RETAIN_SELF = YES;
				CLANG_WARN_OBJC_LITERAL_CONVERSION = YES;
				CLANG_WARN_OBJC_ROOT_CLASS = YES_ERROR;
				CLANG_WARN_QUOTED_INCLUDE_IN_FRAMEWORK_HEADER = YES;
				CLANG_WARN_RANGE_LOOP_ANALYSIS = YES;
				CLANG_WARN_STRICT_PROTOTYPES = YES;
				CLANG_WARN_SUSPICIOUS_MOVE = YES;
				CLANG_WARN_UNGUARDED_AVAILABILITY = YES_AGGRESSIVE;
				CLANG_WARN_UNREACHABLE_CODE = YES;
				CLANG_WARN__DUPLICATE_METHOD_MATCH = YES;
				COPY_PHASE_STRIP = NO;
				DEBUG_INFORMATION_FORMAT = "dwarf-with-dsym";
				ENABLE_NS_ASSERTIONS = NO;
				ENABLE_STRICT_OBJC_MSGSEND = YES;
				GCC_C_LANGUAGE_STANDARD = gnu11;
				GCC_NO_COMMON_BLOCKS = YES;
				GCC_WARN_64_TO_32_BIT_CONVERSION = YES;
				GCC_WARN_ABOUT_RETURN_TYPE = YES_ERROR;
				GCC_WARN_UNDECLARED_SELECTOR = YES;
				GCC_WARN_UNINITIALIZED_AUTOS = YES_AGGRESSIVE;
				GCC_WARN_UNUSED_FUNCTION = YES;
				GCC_WARN_UNUSED_VARIABLE = YES;
				MTL_ENABLE_DEBUG_INFO = NO;
				MTL_FAST_MATH = YES;
				SWIFT_COMPILATION_MODE = wholemodule;
				SWIFT_OPTIMIZATION_LEVEL = "-O";
			};
			name = Release;
		};
		8E56F72B29B405C50059A24B /* Debug */ = {
			isa = XCBuildConfiguration;
			buildSettings = {
				ASSETCATALOG_COMPILER_APPICON_NAME = AppIcon;
				ASSETCATALOG_COMPILER_GLOBAL_ACCENT_COLOR_NAME = AccentColor;
				CODE_SIGN_ENTITLEMENTS = LoadQuestion48/LoadQuestion48.entitlements;
				CODE_SIGN_STYLE = Automatic;
				CURRENT_PROJECT_VERSION = 1;
				DEVELOPMENT_ASSET_PATHS = "\"LoadQuestion48/Preview Content\"";
				ENABLE_PREVIEWS = YES;
				GENERATE_INFOPLIST_FILE = YES;
				"INFOPLIST_KEY_UIApplicationSceneManifest_Generation[sdk=iphoneos*]" = YES;
				"INFOPLIST_KEY_UIApplicationSceneManifest_Generation[sdk=iphonesimulator*]" = YES;
				"INFOPLIST_KEY_UIApplicationSupportsIndirectInputEvents[sdk=iphoneos*]" = YES;
				"INFOPLIST_KEY_UIApplicationSupportsIndirectInputEvents[sdk=iphonesimulator*]" = YES;
				"INFOPLIST_KEY_UILaunchScreen_Generation[sdk=iphoneos*]" = YES;
				"INFOPLIST_KEY_UILaunchScreen_Generation[sdk=iphonesimulator*]" = YES;
				"INFOPLIST_KEY_UIStatusBarStyle[sdk=iphoneos*]" = UIStatusBarStyleDefault;
				"INFOPLIST_KEY_UIStatusBarStyle[sdk=iphonesimulator*]" = UIStatusBarStyleDefault;
				INFOPLIST_KEY_UISupportedInterfaceOrientations_iPad = "UIInterfaceOrientationPortrait UIInterfaceOrientationPortraitUpsideDown UIInterfaceOrientationLandscapeLeft UIInterfaceOrientationLandscapeRight";
				INFOPLIST_KEY_UISupportedInterfaceOrientations_iPhone = "UIInterfaceOrientationPortrait UIInterfaceOrientationLandscapeLeft UIInterfaceOrientationLandscapeRight";
				IPHONEOS_DEPLOYMENT_TARGET = 16.2;
				LD_RUNPATH_SEARCH_PATHS = "@executable_path/Frameworks";
				"LD_RUNPATH_SEARCH_PATHS[sdk=macosx*]" = "@executable_path/../Frameworks";
				MACOSX_DEPLOYMENT_TARGET = 13.0;
				MARKETING_VERSION = 1.0;
				PRODUCT_BUNDLE_IDENTIFIER = "ca.camosun.ics21-064.LoadQuestion48";
				PRODUCT_NAME = "$(TARGET_NAME)";
				SDKROOT = auto;
				SUPPORTED_PLATFORMS = "iphoneos iphonesimulator macosx";
				SWIFT_EMIT_LOC_STRINGS = YES;
				SWIFT_VERSION = 5.0;
				TARGETED_DEVICE_FAMILY = "1,2";
			};
			name = Debug;
		};
		8E56F72C29B405C50059A24B /* Release */ = {
			isa = XCBuildConfiguration;
			buildSettings = {
				ASSETCATALOG_COMPILER_APPICON_NAME = AppIcon;
				ASSETCATALOG_COMPILER_GLOBAL_ACCENT_COLOR_NAME = AccentColor;
				CODE_SIGN_ENTITLEMENTS = LoadQuestion48/LoadQuestion48.entitlements;
				CODE_SIGN_STYLE = Automatic;
				CURRENT_PROJECT_VERSION = 1;
				DEVELOPMENT_ASSET_PATHS = "\"LoadQuestion48/Preview Content\"";
				ENABLE_PREVIEWS = YES;
				GENERATE_INFOPLIST_FILE = YES;
				"INFOPLIST_KEY_UIApplicationSceneManifest_Generation[sdk=iphoneos*]" = YES;
				"INFOPLIST_KEY_UIApplicationSceneManifest_Generation[sdk=iphonesimulator*]" = YES;
				"INFOPLIST_KEY_UIApplicationSupportsIndirectInputEvents[sdk=iphoneos*]" = YES;
				"INFOPLIST_KEY_UIApplicationSupportsIndirectInputEvents[sdk=iphonesimulator*]" = YES;
				"INFOPLIST_KEY_UILaunchScreen_Generation[sdk=iphoneos*]" = YES;
				"INFOPLIST_KEY_UILaunchScreen_Generation[sdk=iphonesimulator*]" = YES;
				"INFOPLIST_KEY_UIStatusBarStyle[sdk=iphoneos*]" = UIStatusBarStyleDefault;
				"INFOPLIST_KEY_UIStatusBarStyle[sdk=iphonesimulator*]" = UIStatusBarStyleDefault;
				INFOPLIST_KEY_UISupportedInterfaceOrientations_iPad = "UIInterfaceOrientationPortrait UIInterfaceOrientationPortraitUpsideDown UIInterfaceOrientationLandscapeLeft UIInterfaceOrientationLandscapeRight";
				INFOPLIST_KEY_UISupportedInterfaceOrientations_iPhone = "UIInterfaceOrientationPortrait UIInterfaceOrientationLandscapeLeft UIInterfaceOrientationLandscapeRight";
				IPHONEOS_DEPLOYMENT_TARGET = 16.2;
				LD_RUNPATH_SEARCH_PATHS = "@executable_path/Frameworks";
				"LD_RUNPATH_SEARCH_PATHS[sdk=macosx*]" = "@executable_path/../Frameworks";
				MACOSX_DEPLOYMENT_TARGET = 13.0;
				MARKETING_VERSION = 1.0;
				PRODUCT_BUNDLE_IDENTIFIER = "ca.camosun.ics21-064.LoadQuestion48";
				PRODUCT_NAME = "$(TARGET_NAME)";
				SDKROOT = auto;
				SUPPORTED_PLATFORMS = "iphoneos iphonesimulator macosx";
				SWIFT_EMIT_LOC_STRINGS = YES;
				SWIFT_VERSION = 5.0;
				TARGETED_DEVICE_FAMILY = "1,2";
			};
			name = Release;
		};
		8E56F72E29B405C50059A24B /* Debug */ = {
			isa = XCBuildConfiguration;
			buildSettings = {
				ALWAYS_EMBED_SWIFT_STANDARD_LIBRARIES = YES;
				BUNDLE_LOADER = "$(TEST_HOST)";
				CODE_SIGN_STYLE = Automatic;
				CURRENT_PROJECT_VERSION = 1;
				GENERATE_INFOPLIST_FILE = YES;
				IPHONEOS_DEPLOYMENT_TARGET = 16.2;
				MACOSX_DEPLOYMENT_TARGET = 13.0;
				MARKETING_VERSION = 1.0;
				PRODUCT_BUNDLE_IDENTIFIER = "ca.camosun.ics21-064.LoadQuestion48Tests";
				PRODUCT_NAME = "$(TARGET_NAME)";
				SDKROOT = auto;
				SUPPORTED_PLATFORMS = "iphoneos iphonesimulator macosx";
				SWIFT_EMIT_LOC_STRINGS = NO;
				SWIFT_VERSION = 5.0;
				TARGETED_DEVICE_FAMILY = "1,2";
				TEST_HOST = "$(BUILT_PRODUCTS_DIR)/LoadQuestion48.app/$(BUNDLE_EXECUTABLE_FOLDER_PATH)/LoadQuestion48";
			};
			name = Debug;
		};
		8E56F72F29B405C50059A24B /* Release */ = {
			isa = XCBuildConfiguration;
			buildSettings = {
				ALWAYS_EMBED_SWIFT_STANDARD_LIBRARIES = YES;
				BUNDLE_LOADER = "$(TEST_HOST)";
				CODE_SIGN_STYLE = Automatic;
				CURRENT_PROJECT_VERSION = 1;
				GENERATE_INFOPLIST_FILE = YES;
				IPHONEOS_DEPLOYMENT_TARGET = 16.2;
				MACOSX_DEPLOYMENT_TARGET = 13.0;
				MARKETING_VERSION = 1.0;
				PRODUCT_BUNDLE_IDENTIFIER = "ca.camosun.ics21-064.LoadQuestion48Tests";
				PRODUCT_NAME = "$(TARGET_NAME)";
				SDKROOT = auto;
				SUPPORTED_PLATFORMS = "iphoneos iphonesimulator macosx";
				SWIFT_EMIT_LOC_STRINGS = NO;
				SWIFT_VERSION = 5.0;
				TARGETED_DEVICE_FAMILY = "1,2";
				TEST_HOST = "$(BUILT_PRODUCTS_DIR)/LoadQuestion48.app/$(BUNDLE_EXECUTABLE_FOLDER_PATH)/LoadQuestion48";
			};
			name = Release;
		};
		8E56F73129B405C50059A24B /* Debug */ = {
			isa = XCBuildConfiguration;
			buildSettings = {
				ALWAYS_EMBED_SWIFT_STANDARD_LIBRARIES = YES;
				CODE_SIGN_STYLE = Automatic;
				CURRENT_PROJECT_VERSION = 1;
				GENERATE_INFOPLIST_FILE = YES;
				IPHONEOS_DEPLOYMENT_TARGET = 16.2;
				MACOSX_DEPLOYMENT_TARGET = 13.0;
				MARKETING_VERSION = 1.0;
				PRODUCT_BUNDLE_IDENTIFIER = "ca.camosun.ics21-064.LoadQuestion48UITests";
				PRODUCT_NAME = "$(TARGET_NAME)";
				SDKROOT = auto;
				SUPPORTED_PLATFORMS = "iphoneos iphonesimulator macosx";
				SWIFT_EMIT_LOC_STRINGS = NO;
				SWIFT_VERSION = 5.0;
				TARGETED_DEVICE_FAMILY = "1,2";
				TEST_TARGET_NAME = LoadQuestion48;
			};
			name = Debug;
		};
		8E56F73229B405C50059A24B /* Release */ = {
			isa = XCBuildConfiguration;
			buildSettings = {
				ALWAYS_EMBED_SWIFT_STANDARD_LIBRARIES = YES;
				CODE_SIGN_STYLE = Automatic;
				CURRENT_PROJECT_VERSION = 1;
				GENERATE_INFOPLIST_FILE = YES;
				IPHONEOS_DEPLOYMENT_TARGET = 16.2;
				MACOSX_DEPLOYMENT_TARGET = 13.0;
				MARKETING_VERSION = 1.0;
				PRODUCT_BUNDLE_IDENTIFIER = "ca.camosun.ics21-064.LoadQuestion48UITests";
				PRODUCT_NAME = "$(TARGET_NAME)";
				SDKROOT = auto;
				SUPPORTED_PLATFORMS = "iphoneos iphonesimulator macosx";
				SWIFT_EMIT_LOC_STRINGS = NO;
				SWIFT_VERSION = 5.0;
				TARGETED_DEVICE_FAMILY = "1,2";
				TEST_TARGET_NAME = LoadQuestion48;
			};
			name = Release;
		};
/* End XCBuildConfiguration section */

/* Begin XCConfigurationList section */
		8E56F70029B405C40059A24B /* Build configuration list for PBXProject "LoadQuestion48" */ = {
			isa = XCConfigurationList;
			buildConfigurations = (
				8E56F72829B405C50059A24B /* Debug */,
				8E56F72929B405C50059A24B /* Release */,
			);
			defaultConfigurationIsVisible = 0;
			defaultConfigurationName = Release;
		};
		8E56F72A29B405C50059A24B /* Build configuration list for PBXNativeTarget "LoadQuestion48" */ = {
			isa = XCConfigurationList;
			buildConfigurations = (
				8E56F72B29B405C50059A24B /* Debug */,
				8E56F72C29B405C50059A24B /* Release */,
			);
			defaultConfigurationIsVisible = 0;
			defaultConfigurationName = Release;
		};
		8E56F72D29B405C50059A24B /* Build configuration list for PBXNativeTarget "LoadQuestion48Tests" */ = {
			isa = XCConfigurationList;
			buildConfigurations = (
				8E56F72E29B405C50059A24B /* Debug */,
				8E56F72F29B405C50059A24B /* Release */,
			);
			defaultConfigurationIsVisible = 0;
			defaultConfigurationName = Release;
		};
		8E56F73029B405C50059A24B /* Build configuration list for PBXNativeTarget "LoadQuestion48UITests" */ = {
			isa = XCConfigurationList;
			buildConfigurations = (
				8E56F73129B405C50059A24B /* Debug */,
				8E56F73229B405C50059A24B /* Release */,
			);
			defaultConfigurationIsVisible = 0;
			defaultConfigurationName = Release;
		};
/* End XCConfigurationList section */
	};
	rootObject = 8E56F6FD29B405C40059A24B /* Project object */;
}
